
Microsoft Visual Studio Solution File, Format Version 12.00
# Visual Studio 2013
VisualStudioVersion = 12.0.40629.0
MinimumVisualStudioVersion = 10.0.40219.1
Project("{2150E333-8FDC-42A3-9474-1A3956D46DE8}") = "00_DataBase", "00_DataBase", "{8709482F-D1A1-4E16-891A-37D0773DEFF6}"
EndProject
Project("{00D1A9C2-B5F0-4AF3-8072-F6C62B433612}") = "NHH", "..\..\00_DataBase\NHH\NHH.sqlproj", "{A1AF6F91-7F45-4818-8870-9141986C59D3}"
EndProject
Project("{00D1A9C2-B5F0-4AF3-8072-F6C62B433612}") = "NHH_LOG", "..\..\00_DataBase\NHH_LOG\NHH_LOG.sqlproj", "{C5A6CE9F-6C70-4EDB-AA4D-62AD3DDFDD62}"
EndProject
Project("{2150E333-8FDC-42A3-9474-1A3956D46DE8}") = "01_Framework", "01_Framework", "{5025C8DC-6269-47E3-BD64-172A5C3D6008}"
EndProject
Project("{FAE04EC0-301F-11D3-BF4B-00C04F79EFBC}") = "NHH.Framework.Core", "..\..\01_Framework\Core\NHH.Framework.Core.csproj", "{954F55D4-1DE6-4AD8-B4E7-4D3A52C3A3EB}"
EndProject
Project("{FAE04EC0-301F-11D3-BF4B-00C04F79EFBC}") = "NHH.Framework.Core.Baidu", "..\..\01_Framework\Baidu\NHH.Framework.Core.Baidu.csproj", "{A602DE96-E13D-4CE4-A2F9-5EF652FE20AA}"
EndProject
Project("{FAE04EC0-301F-11D3-BF4B-00C04F79EFBC}") = "NHH.Framework.Core.Wechat", "..\..\01_Framework\Wechat\NHH.Framework.Core.Wechat.csproj", "{45549F50-61DA-4CD7-B76D-7B7A78B8484D}"
EndProject
Project("{2150E333-8FDC-42A3-9474-1A3956D46DE8}") = "02_BizLogic", "02_BizLogic", "{DEEEDEDF-CCDF-4869-A2B1-23AFAFA1350C}"
EndProject
Project("{FAE04EC0-301F-11D3-BF4B-00C04F79EFBC}") = "NHH.BizLogic.Common", "..\..\02_BizLogic\Common\NHH.BizLogic.Common.csproj", "{CA325C5C-B3FD-4D3B-A595-2D4E0819A765}"
EndProject
Project("{FAE04EC0-301F-11D3-BF4B-00C04F79EFBC}") = "NHH.Entities", "..\..\02_BizLogic\Entities\NHH.Entities.csproj", "{50059B48-A35C-4CCF-BDB6-E4540814C666}"
EndProject
Project("{2150E333-8FDC-42A3-9474-1A3956D46DE8}") = "03_Service", "03_Service", "{EA539C4D-EE63-4969-9B34-4CDB3C821C58}"
EndProject
Project("{2150E333-8FDC-42A3-9474-1A3956D46DE8}") = "04_WebAPI", "04_WebAPI", "{5143983C-805F-4F0E-9731-2FB7F322F57A}"
EndProject
Project("{2150E333-8FDC-42A3-9474-1A3956D46DE8}") = "05_Models", "05_Models", "{0FD91322-6851-4F07-ADF0-D6971C54FB60}"
EndProject
Project("{2150E333-8FDC-42A3-9474-1A3956D46DE8}") = ".nuget", ".nuget", "{3123782B-AC54-499E-AD89-E8A5E9A92C64}"
	ProjectSection(SolutionItems) = preProject
		.nuget\NuGet.Config = .nuget\NuGet.Config
		.nuget\NuGet.exe = .nuget\NuGet.exe
		.nuget\NuGet.targets = .nuget\NuGet.targets
	EndProjectSection
EndProject
Project("{FAE04EC0-301F-11D3-BF4B-00C04F79EFBC}") = "NHH.Service.Common", "03_Service\Common\NHH.Service.Common.csproj", "{796C5183-FD86-498F-9F29-E3BA80B7424F}"
EndProject
Project("{FAE04EC0-301F-11D3-BF4B-00C04F79EFBC}") = "NHH.Models.Common", "05_Models\Common\NHH.Models.Common.csproj", "{C1F81F13-9F5D-4673-91A3-C9B564E8DBCE}"
EndProject
Project("{FAE04EC0-301F-11D3-BF4B-00C04F79EFBC}") = "NHH.WebApi.Mgmt", "04_WebAPI\NHH.WebApi.Mgmt\NHH.WebApi.Mgmt.csproj", "{65AB10D9-CF09-4284-AC6E-487E715CD8F5}"
EndProject
Global
	GlobalSection(SolutionConfigurationPlatforms) = preSolution
		Debug|Any CPU = Debug|Any CPU
		Release|Any CPU = Release|Any CPU
	EndGlobalSection
	GlobalSection(ProjectConfigurationPlatforms) = postSolution
		{A1AF6F91-7F45-4818-8870-9141986C59D3}.Debug|Any CPU.ActiveCfg = Debug|Any CPU
		{A1AF6F91-7F45-4818-8870-9141986C59D3}.Debug|Any CPU.Build.0 = Debug|Any CPU
		{A1AF6F91-7F45-4818-8870-9141986C59D3}.Debug|Any CPU.Deploy.0 = Debug|Any CPU
		{A1AF6F91-7F45-4818-8870-9141986C59D3}.Release|Any CPU.ActiveCfg = Release|Any CPU
		{A1AF6F91-7F45-4818-8870-9141986C59D3}.Release|Any CPU.Build.0 = Release|Any CPU
		{A1AF6F91-7F45-4818-8870-9141986C59D3}.Release|Any CPU.Deploy.0 = Release|Any CPU
		{C5A6CE9F-6C70-4EDB-AA4D-62AD3DDFDD62}.Debug|Any CPU.ActiveCfg = Debug|Any CPU
		{C5A6CE9F-6C70-4EDB-AA4D-62AD3DDFDD62}.Debug|Any CPU.Build.0 = Debug|Any CPU
		{C5A6CE9F-6C70-4EDB-AA4D-62AD3DDFDD62}.Debug|Any CPU.Deploy.0 = Debug|Any CPU
		{C5A6CE9F-6C70-4EDB-AA4D-62AD3DDFDD62}.Release|Any CPU.ActiveCfg = Release|Any CPU
		{C5A6CE9F-6C70-4EDB-AA4D-62AD3DDFDD62}.Release|Any CPU.Build.0 = Release|Any CPU
		{C5A6CE9F-6C70-4EDB-AA4D-62AD3DDFDD62}.Release|Any CPU.Deploy.0 = Release|Any CPU
		{954F55D4-1DE6-4AD8-B4E7-4D3A52C3A3EB}.Debug|Any CPU.ActiveCfg = Debug|Any CPU
		{954F55D4-1DE6-4AD8-B4E7-4D3A52C3A3EB}.Debug|Any CPU.Build.0 = Debug|Any CPU
		{954F55D4-1DE6-4AD8-B4E7-4D3A52C3A3EB}.Release|Any CPU.ActiveCfg = Release|Any CPU
		{954F55D4-1DE6-4AD8-B4E7-4D3A52C3A3EB}.Release|Any CPU.Build.0 = Release|Any CPU
		{A602DE96-E13D-4CE4-A2F9-5EF652FE20AA}.Debug|Any CPU.ActiveCfg = Debug|Any CPU
		{A602DE96-E13D-4CE4-A2F9-5EF652FE20AA}.Debug|Any CPU.Build.0 = Debug|Any CPU
		{A602DE96-E13D-4CE4-A2F9-5EF652FE20AA}.Release|Any CPU.ActiveCfg = Release|Any CPU
		{A602DE96-E13D-4CE4-A2F9-5EF652FE20AA}.Release|Any CPU.Build.0 = Release|Any CPU
		{45549F50-61DA-4CD7-B76D-7B7A78B8484D}.Debug|Any CPU.ActiveCfg = Debug|Any CPU
		{45549F50-61DA-4CD7-B76D-7B7A78B8484D}.Debug|Any CPU.Build.0 = Debug|Any CPU
		{45549F50-61DA-4CD7-B76D-7B7A78B8484D}.Release|Any CPU.ActiveCfg = Release|Any CPU
		{45549F50-61DA-4CD7-B76D-7B7A78B8484D}.Release|Any CPU.Build.0 = Release|Any CPU
		{CA325C5C-B3FD-4D3B-A595-2D4E0819A765}.Debug|Any CPU.ActiveCfg = Debug|Any CPU
		{CA325C5C-B3FD-4D3B-A595-2D4E0819A765}.Debug|Any CPU.Build.0 = Debug|Any CPU
		{CA325C5C-B3FD-4D3B-A595-2D4E0819A765}.Release|Any CPU.ActiveCfg = Release|Any CPU
		{CA325C5C-B3FD-4D3B-A595-2D4E0819A765}.Release|Any CPU.Build.0 = Release|Any CPU
		{50059B48-A35C-4CCF-BDB6-E4540814C666}.Debug|Any CPU.ActiveCfg = Debug|Any CPU
		{50059B48-A35C-4CCF-BDB6-E4540814C666}.Debug|Any CPU.Build.0 = Debug|Any CPU
		{50059B48-A35C-4CCF-BDB6-E4540814C666}.Release|Any CPU.ActiveCfg = Release|Any CPU
		{50059B48-A35C-4CCF-BDB6-E4540814C666}.Release|Any CPU.Build.0 = Release|Any CPU
		{796C5183-FD86-498F-9F29-E3BA80B7424F}.Debug|Any CPU.ActiveCfg = Debug|Any CPU
		{796C5183-FD86-498F-9F29-E3BA80B7424F}.Debug|Any CPU.Build.0 = Debug|Any CPU
		{796C5183-FD86-498F-9F29-E3BA80B7424F}.Release|Any CPU.ActiveCfg = Release|Any CPU
		{796C5183-FD86-498F-9F29-E3BA80B7424F}.Release|Any CPU.Build.0 = Release|Any CPU
		{C1F81F13-9F5D-4673-91A3-C9B564E8DBCE}.Debug|Any CPU.ActiveCfg = Debug|Any CPU
		{C1F81F13-9F5D-4673-91A3-C9B564E8DBCE}.Debug|Any CPU.Build.0 = Debug|Any CPU
		{C1F81F13-9F5D-4673-91A3-C9B564E8DBCE}.Release|Any CPU.ActiveCfg = Release|Any CPU
		{C1F81F13-9F5D-4673-91A3-C9B564E8DBCE}.Release|Any CPU.Build.0 = Release|Any CPU
		{65AB10D9-CF09-4284-AC6E-487E715CD8F5}.Debug|Any CPU.ActiveCfg = Debug|Any CPU
		{65AB10D9-CF09-4284-AC6E-487E715CD8F5}.Debug|Any CPU.Build.0 = Debug|Any CPU
		{65AB10D9-CF09-4284-AC6E-487E715CD8F5}.Release|Any CPU.ActiveCfg = Release|Any CPU
		{65AB10D9-CF09-4284-AC6E-487E715CD8F5}.Release|Any CPU.Build.0 = Release|Any CPU
	EndGlobalSection
	GlobalSection(SolutionProperties) = preSolution
		HideSolutionNode = FALSE
	EndGlobalSection
	GlobalSection(NestedProjects) = preSolution
		{A1AF6F91-7F45-4818-8870-9141986C59D3} = {8709482F-D1A1-4E16-891A-37D0773DEFF6}
		{C5A6CE9F-6C70-4EDB-AA4D-62AD3DDFDD62} = {8709482F-D1A1-4E16-891A-37D0773DEFF6}
		{954F55D4-1DE6-4AD8-B4E7-4D3A52C3A3EB} = {5025C8DC-6269-47E3-BD64-172A5C3D6008}
		{A602DE96-E13D-4CE4-A2F9-5EF652FE20AA} = {5025C8DC-6269-47E3-BD64-172A5C3D6008}
		{45549F50-61DA-4CD7-B76D-7B7A78B8484D} = {5025C8DC-6269-47E3-BD64-172A5C3D6008}
		{CA325C5C-B3FD-4D3B-A595-2D4E0819A765} = {DEEEDEDF-CCDF-4869-A2B1-23AFAFA1350C}
		{50059B48-A35C-4CCF-BDB6-E4540814C666} = {DEEEDEDF-CCDF-4869-A2B1-23AFAFA1350C}
		{796C5183-FD86-498F-9F29-E3BA80B7424F} = {EA539C4D-EE63-4969-9B34-4CDB3C821C58}
		{C1F81F13-9F5D-4673-91A3-C9B564E8DBCE} = {0FD91322-6851-4F07-ADF0-D6971C54FB60}
		{65AB10D9-CF09-4284-AC6E-487E715CD8F5} = {5143983C-805F-4F0E-9731-2FB7F322F57A}
	EndGlobalSection
EndGlobal
