
Microsoft Visual Studio Solution File, Format Version 12.00
# Visual Studio 2013
VisualStudioVersion = 12.0.40629.0
MinimumVisualStudioVersion = 10.0.40219.1
Project("{2150E333-8FDC-42A3-9474-1A3956D46DE8}") = "00_DataBase", "00_DataBase", "{9550A562-A4F4-4C07-9010-68DB515924BA}"
EndProject
Project("{2150E333-8FDC-42A3-9474-1A3956D46DE8}") = "01_Framework", "01_Framework", "{54C4FF12-AC1B-42DE-8FEB-212464E0563D}"
EndProject
Project("{2150E333-8FDC-42A3-9474-1A3956D46DE8}") = "02_BizLogic", "02_BizLogic", "{53F9AFC1-EDD4-4CD0-9FAC-6293B4623F7D}"
EndProject
Project("{2150E333-8FDC-42A3-9474-1A3956D46DE8}") = "03_Service", "03_Service", "{A1CF8F9C-B7F7-43A8-82FF-62D777B4488B}"
EndProject
Project("{2150E333-8FDC-42A3-9474-1A3956D46DE8}") = "04_WebAPI", "04_WebAPI", "{827AF8AF-61AC-40A3-B318-AF29B74E98A1}"
EndProject
Project("{2150E333-8FDC-42A3-9474-1A3956D46DE8}") = "05_Models", "05_Models", "{39A52940-E380-490F-BEFE-6A1360D182A8}"
EndProject
Project("{2150E333-8FDC-42A3-9474-1A3956D46DE8}") = "06_Jobs", "06_Jobs", "{63038EFF-59E3-400F-ACD7-A9A78CF421A2}"
EndProject
Project("{FAE04EC0-301F-11D3-BF4B-00C04F79EFBC}") = "NHH.Service.Common", "03_Service\Common\NHH.Service.Common.csproj", "{796C5183-FD86-498F-9F29-E3BA80B7424F}"
EndProject
Project("{FAE04EC0-301F-11D3-BF4B-00C04F79EFBC}") = "NHH.Service.Contract", "03_Service\Contract\NHH.Service.Contract.csproj", "{8C6D47C0-CF9B-442B-A8AD-969A90FED9C0}"
EndProject
Project("{FAE04EC0-301F-11D3-BF4B-00C04F79EFBC}") = "NHH.Service.Estate", "03_Service\Estate\NHH.Service.Estate.csproj", "{7572C3FB-E25C-410C-96ED-454623EB2186}"
EndProject
Project("{FAE04EC0-301F-11D3-BF4B-00C04F79EFBC}") = "NHH.Service.Merchant", "03_Service\Merchant\NHH.Service.Merchant.csproj", "{29BD8B1C-92F0-4967-9107-38705CEB7199}"
EndProject
Project("{FAE04EC0-301F-11D3-BF4B-00C04F79EFBC}") = "NHH.Service.Project", "03_Service\Project\NHH.Service.Project.csproj", "{3450CDD6-4AA7-424D-ADEF-AA9455F47FBA}"
EndProject
Project("{FAE04EC0-301F-11D3-BF4B-00C04F79EFBC}") = "NHH.Service.Store", "03_Service\Store\NHH.Service.Store.csproj", "{123F5C50-6B94-4763-849D-6B8AEB3C8F0F}"
EndProject
Project("{FAE04EC0-301F-11D3-BF4B-00C04F79EFBC}") = "NHH.Models.Common", "06_Models\Common\NHH.Models.Common.csproj", "{C1F81F13-9F5D-4673-91A3-C9B564E8DBCE}"
EndProject
Project("{FAE04EC0-301F-11D3-BF4B-00C04F79EFBC}") = "NHH.Models.Contract", "06_Models\Contract\NHH.Models.Contract.csproj", "{B0C52F5C-3761-472B-87CD-61363E5CA6B1}"
EndProject
Project("{FAE04EC0-301F-11D3-BF4B-00C04F79EFBC}") = "NHH.Models.Estate", "06_Models\Estate\NHH.Models.Estate.csproj", "{4CF41EFB-89DB-4D55-8F91-04298B0134F4}"
EndProject
Project("{FAE04EC0-301F-11D3-BF4B-00C04F79EFBC}") = "NHH.Models.Merchant", "06_Models\Merchant\NHH.Models.Merchant.csproj", "{B251D3E8-C14D-4BD1-BA4F-8B7C21798EAC}"
EndProject
Project("{FAE04EC0-301F-11D3-BF4B-00C04F79EFBC}") = "NHH.Models.Project", "06_Models\Project\NHH.Models.Project.csproj", "{EAC6AE2E-6871-4686-891D-40DBA0182F12}"
EndProject
Project("{FAE04EC0-301F-11D3-BF4B-00C04F79EFBC}") = "NHH.Models.Store", "06_Models\Store\NHH.Models.Store.csproj", "{0B9F2176-4FBA-47F5-8794-D2C2C6566652}"
EndProject
Project("{FAE04EC0-301F-11D3-BF4B-00C04F79EFBC}") = "NHH.WebAPI.Merchant", "05_WebAPI\Merchant\NHH.WebAPI.Merchant.csproj", "{3924C7BC-86B9-4D11-986D-B0E9E5BCA8AF}"
EndProject
Project("{2150E333-8FDC-42A3-9474-1A3956D46DE8}") = ".nuget", ".nuget", "{64878F43-1701-439D-BE28-9F7E0423489C}"
	ProjectSection(SolutionItems) = preProject
		.nuget\NuGet.Config = .nuget\NuGet.Config
		.nuget\NuGet.exe = .nuget\NuGet.exe
		.nuget\NuGet.targets = .nuget\NuGet.targets
	EndProjectSection
EndProject
Project("{FAE04EC0-301F-11D3-BF4B-00C04F79EFBC}") = "NHH.Service.Campaign", "03_Service\Campaign\NHH.Service.Campaign.csproj", "{9E2617FD-8D73-4833-A32A-9BBDD1927E63}"
EndProject
Project("{FAE04EC0-301F-11D3-BF4B-00C04F79EFBC}") = "NHH.Models.Campaign", "06_Models\Campaign\NHH.Models.Campaign.csproj", "{60CE3768-EF82-4CE0-9443-A3DD92412006}"
EndProject
Project("{FAE04EC0-301F-11D3-BF4B-00C04F79EFBC}") = "NHH.Service.Operations", "03_Service\Operations\NHH.Service.Operations.csproj", "{DF6BEBEB-579B-4A6D-931B-569C33CAFC38}"
EndProject
Project("{FAE04EC0-301F-11D3-BF4B-00C04F79EFBC}") = "NHH.Models.Operations", "06_Models\Operations\NHH.Models.Operations.csproj", "{F52211B5-A6EB-4007-B2E0-0CB3BC99ECE7}"
EndProject
Project("{FAE04EC0-301F-11D3-BF4B-00C04F79EFBC}") = "NHH.Service.Documents", "03_Service\Documents\NHH.Service.Documents.csproj", "{73E6C8FE-16AE-4E57-B9BC-5A738DB0E118}"
EndProject
Project("{FAE04EC0-301F-11D3-BF4B-00C04F79EFBC}") = "NHH.Models.Documents", "06_Models\Documents\NHH.Models.Documents.csproj", "{CB211FF3-C5A4-41E5-B1DD-A42489FA3F26}"
EndProject
Project("{FAE04EC0-301F-11D3-BF4B-00C04F79EFBC}") = "NHH.BizLogic.Common", "..\..\02_BizLogic\Common\NHH.BizLogic.Common.csproj", "{CA325C5C-B3FD-4D3B-A595-2D4E0819A765}"
EndProject
Project("{FAE04EC0-301F-11D3-BF4B-00C04F79EFBC}") = "NHH.Entities", "..\..\02_BizLogic\Entities\NHH.Entities.csproj", "{50059B48-A35C-4CCF-BDB6-E4540814C666}"
EndProject
Project("{FAE04EC0-301F-11D3-BF4B-00C04F79EFBC}") = "NHH.Message.Models.Sms", "..\NHH.WebSite.Mgmt\02_Models\NHH.Message.Models.Sms\NHH.Message.Models.Sms.csproj", "{BB4A9025-6082-4673-9D07-0DC773074CE1}"
EndProject
Project("{00D1A9C2-B5F0-4AF3-8072-F6C62B433612}") = "NHH", "..\..\00_DataBase\NHH\NHH.sqlproj", "{A1AF6F91-7F45-4818-8870-9141986C59D3}"
EndProject
Project("{00D1A9C2-B5F0-4AF3-8072-F6C62B433612}") = "NHH_LOG", "..\..\00_DataBase\NHH_LOG\NHH_LOG.sqlproj", "{C5A6CE9F-6C70-4EDB-AA4D-62AD3DDFDD62}"
EndProject
Project("{FAE04EC0-301F-11D3-BF4B-00C04F79EFBC}") = "NHH.Framework.Core.Baidu", "..\..\01_Framework\Baidu\NHH.Framework.Core.Baidu.csproj", "{A602DE96-E13D-4CE4-A2F9-5EF652FE20AA}"
EndProject
Project("{FAE04EC0-301F-11D3-BF4B-00C04F79EFBC}") = "NHH.Framework.Core", "..\..\01_Framework\Core\NHH.Framework.Core.csproj", "{954F55D4-1DE6-4AD8-B4E7-4D3A52C3A3EB}"
EndProject
Project("{FAE04EC0-301F-11D3-BF4B-00C04F79EFBC}") = "NHH.Framework.Core.Wechat", "..\..\01_Framework\Wechat\NHH.Framework.Core.Wechat.csproj", "{45549F50-61DA-4CD7-B76D-7B7A78B8484D}"
EndProject
Global
	GlobalSection(SubversionScc) = preSolution
		Svn-Managed = True
		Manager = AnkhSVN - Subversion Support for Visual Studio
	EndGlobalSection
	GlobalSection(SolutionConfigurationPlatforms) = preSolution
		Debug|Any CPU = Debug|Any CPU
		Release|Any CPU = Release|Any CPU
	EndGlobalSection
	GlobalSection(ProjectConfigurationPlatforms) = postSolution
		{796C5183-FD86-498F-9F29-E3BA80B7424F}.Debug|Any CPU.ActiveCfg = Debug|Any CPU
		{796C5183-FD86-498F-9F29-E3BA80B7424F}.Debug|Any CPU.Build.0 = Debug|Any CPU
		{796C5183-FD86-498F-9F29-E3BA80B7424F}.Release|Any CPU.ActiveCfg = Release|Any CPU
		{796C5183-FD86-498F-9F29-E3BA80B7424F}.Release|Any CPU.Build.0 = Release|Any CPU
		{8C6D47C0-CF9B-442B-A8AD-969A90FED9C0}.Debug|Any CPU.ActiveCfg = Debug|Any CPU
		{8C6D47C0-CF9B-442B-A8AD-969A90FED9C0}.Debug|Any CPU.Build.0 = Debug|Any CPU
		{8C6D47C0-CF9B-442B-A8AD-969A90FED9C0}.Release|Any CPU.ActiveCfg = Release|Any CPU
		{8C6D47C0-CF9B-442B-A8AD-969A90FED9C0}.Release|Any CPU.Build.0 = Release|Any CPU
		{7572C3FB-E25C-410C-96ED-454623EB2186}.Debug|Any CPU.ActiveCfg = Debug|Any CPU
		{7572C3FB-E25C-410C-96ED-454623EB2186}.Debug|Any CPU.Build.0 = Debug|Any CPU
		{7572C3FB-E25C-410C-96ED-454623EB2186}.Release|Any CPU.ActiveCfg = Release|Any CPU
		{7572C3FB-E25C-410C-96ED-454623EB2186}.Release|Any CPU.Build.0 = Release|Any CPU
		{29BD8B1C-92F0-4967-9107-38705CEB7199}.Debug|Any CPU.ActiveCfg = Debug|Any CPU
		{29BD8B1C-92F0-4967-9107-38705CEB7199}.Debug|Any CPU.Build.0 = Debug|Any CPU
		{29BD8B1C-92F0-4967-9107-38705CEB7199}.Release|Any CPU.ActiveCfg = Release|Any CPU
		{29BD8B1C-92F0-4967-9107-38705CEB7199}.Release|Any CPU.Build.0 = Release|Any CPU
		{3450CDD6-4AA7-424D-ADEF-AA9455F47FBA}.Debug|Any CPU.ActiveCfg = Debug|Any CPU
		{3450CDD6-4AA7-424D-ADEF-AA9455F47FBA}.Debug|Any CPU.Build.0 = Debug|Any CPU
		{3450CDD6-4AA7-424D-ADEF-AA9455F47FBA}.Release|Any CPU.ActiveCfg = Release|Any CPU
		{3450CDD6-4AA7-424D-ADEF-AA9455F47FBA}.Release|Any CPU.Build.0 = Release|Any CPU
		{123F5C50-6B94-4763-849D-6B8AEB3C8F0F}.Debug|Any CPU.ActiveCfg = Debug|Any CPU
		{123F5C50-6B94-4763-849D-6B8AEB3C8F0F}.Debug|Any CPU.Build.0 = Debug|Any CPU
		{123F5C50-6B94-4763-849D-6B8AEB3C8F0F}.Release|Any CPU.ActiveCfg = Release|Any CPU
		{123F5C50-6B94-4763-849D-6B8AEB3C8F0F}.Release|Any CPU.Build.0 = Release|Any CPU
		{C1F81F13-9F5D-4673-91A3-C9B564E8DBCE}.Debug|Any CPU.ActiveCfg = Debug|Any CPU
		{C1F81F13-9F5D-4673-91A3-C9B564E8DBCE}.Debug|Any CPU.Build.0 = Debug|Any CPU
		{C1F81F13-9F5D-4673-91A3-C9B564E8DBCE}.Release|Any CPU.ActiveCfg = Release|Any CPU
		{C1F81F13-9F5D-4673-91A3-C9B564E8DBCE}.Release|Any CPU.Build.0 = Release|Any CPU
		{B0C52F5C-3761-472B-87CD-61363E5CA6B1}.Debug|Any CPU.ActiveCfg = Debug|Any CPU
		{B0C52F5C-3761-472B-87CD-61363E5CA6B1}.Debug|Any CPU.Build.0 = Debug|Any CPU
		{B0C52F5C-3761-472B-87CD-61363E5CA6B1}.Release|Any CPU.ActiveCfg = Release|Any CPU
		{B0C52F5C-3761-472B-87CD-61363E5CA6B1}.Release|Any CPU.Build.0 = Release|Any CPU
		{4CF41EFB-89DB-4D55-8F91-04298B0134F4}.Debug|Any CPU.ActiveCfg = Debug|Any CPU
		{4CF41EFB-89DB-4D55-8F91-04298B0134F4}.Debug|Any CPU.Build.0 = Debug|Any CPU
		{4CF41EFB-89DB-4D55-8F91-04298B0134F4}.Release|Any CPU.ActiveCfg = Release|Any CPU
		{4CF41EFB-89DB-4D55-8F91-04298B0134F4}.Release|Any CPU.Build.0 = Release|Any CPU
		{B251D3E8-C14D-4BD1-BA4F-8B7C21798EAC}.Debug|Any CPU.ActiveCfg = Debug|Any CPU
		{B251D3E8-C14D-4BD1-BA4F-8B7C21798EAC}.Debug|Any CPU.Build.0 = Debug|Any CPU
		{B251D3E8-C14D-4BD1-BA4F-8B7C21798EAC}.Release|Any CPU.ActiveCfg = Release|Any CPU
		{B251D3E8-C14D-4BD1-BA4F-8B7C21798EAC}.Release|Any CPU.Build.0 = Release|Any CPU
		{EAC6AE2E-6871-4686-891D-40DBA0182F12}.Debug|Any CPU.ActiveCfg = Debug|Any CPU
		{EAC6AE2E-6871-4686-891D-40DBA0182F12}.Debug|Any CPU.Build.0 = Debug|Any CPU
		{EAC6AE2E-6871-4686-891D-40DBA0182F12}.Release|Any CPU.ActiveCfg = Release|Any CPU
		{EAC6AE2E-6871-4686-891D-40DBA0182F12}.Release|Any CPU.Build.0 = Release|Any CPU
		{0B9F2176-4FBA-47F5-8794-D2C2C6566652}.Debug|Any CPU.ActiveCfg = Debug|Any CPU
		{0B9F2176-4FBA-47F5-8794-D2C2C6566652}.Debug|Any CPU.Build.0 = Debug|Any CPU
		{0B9F2176-4FBA-47F5-8794-D2C2C6566652}.Release|Any CPU.ActiveCfg = Release|Any CPU
		{0B9F2176-4FBA-47F5-8794-D2C2C6566652}.Release|Any CPU.Build.0 = Release|Any CPU
		{3924C7BC-86B9-4D11-986D-B0E9E5BCA8AF}.Debug|Any CPU.ActiveCfg = Debug|Any CPU
		{3924C7BC-86B9-4D11-986D-B0E9E5BCA8AF}.Debug|Any CPU.Build.0 = Debug|Any CPU
		{3924C7BC-86B9-4D11-986D-B0E9E5BCA8AF}.Release|Any CPU.ActiveCfg = Release|Any CPU
		{3924C7BC-86B9-4D11-986D-B0E9E5BCA8AF}.Release|Any CPU.Build.0 = Release|Any CPU
		{9E2617FD-8D73-4833-A32A-9BBDD1927E63}.Debug|Any CPU.ActiveCfg = Debug|Any CPU
		{9E2617FD-8D73-4833-A32A-9BBDD1927E63}.Debug|Any CPU.Build.0 = Debug|Any CPU
		{9E2617FD-8D73-4833-A32A-9BBDD1927E63}.Release|Any CPU.ActiveCfg = Release|Any CPU
		{9E2617FD-8D73-4833-A32A-9BBDD1927E63}.Release|Any CPU.Build.0 = Release|Any CPU
		{60CE3768-EF82-4CE0-9443-A3DD92412006}.Debug|Any CPU.ActiveCfg = Debug|Any CPU
		{60CE3768-EF82-4CE0-9443-A3DD92412006}.Debug|Any CPU.Build.0 = Debug|Any CPU
		{60CE3768-EF82-4CE0-9443-A3DD92412006}.Release|Any CPU.ActiveCfg = Release|Any CPU
		{60CE3768-EF82-4CE0-9443-A3DD92412006}.Release|Any CPU.Build.0 = Release|Any CPU
		{DF6BEBEB-579B-4A6D-931B-569C33CAFC38}.Debug|Any CPU.ActiveCfg = Debug|Any CPU
		{DF6BEBEB-579B-4A6D-931B-569C33CAFC38}.Debug|Any CPU.Build.0 = Debug|Any CPU
		{DF6BEBEB-579B-4A6D-931B-569C33CAFC38}.Release|Any CPU.ActiveCfg = Release|Any CPU
		{DF6BEBEB-579B-4A6D-931B-569C33CAFC38}.Release|Any CPU.Build.0 = Release|Any CPU
		{F52211B5-A6EB-4007-B2E0-0CB3BC99ECE7}.Debug|Any CPU.ActiveCfg = Debug|Any CPU
		{F52211B5-A6EB-4007-B2E0-0CB3BC99ECE7}.Debug|Any CPU.Build.0 = Debug|Any CPU
		{F52211B5-A6EB-4007-B2E0-0CB3BC99ECE7}.Release|Any CPU.ActiveCfg = Release|Any CPU
		{F52211B5-A6EB-4007-B2E0-0CB3BC99ECE7}.Release|Any CPU.Build.0 = Release|Any CPU
		{73E6C8FE-16AE-4E57-B9BC-5A738DB0E118}.Debug|Any CPU.ActiveCfg = Debug|Any CPU
		{73E6C8FE-16AE-4E57-B9BC-5A738DB0E118}.Debug|Any CPU.Build.0 = Debug|Any CPU
		{73E6C8FE-16AE-4E57-B9BC-5A738DB0E118}.Release|Any CPU.ActiveCfg = Release|Any CPU
		{73E6C8FE-16AE-4E57-B9BC-5A738DB0E118}.Release|Any CPU.Build.0 = Release|Any CPU
		{CB211FF3-C5A4-41E5-B1DD-A42489FA3F26}.Debug|Any CPU.ActiveCfg = Debug|Any CPU
		{CB211FF3-C5A4-41E5-B1DD-A42489FA3F26}.Debug|Any CPU.Build.0 = Debug|Any CPU
		{CB211FF3-C5A4-41E5-B1DD-A42489FA3F26}.Release|Any CPU.ActiveCfg = Release|Any CPU
		{CB211FF3-C5A4-41E5-B1DD-A42489FA3F26}.Release|Any CPU.Build.0 = Release|Any CPU
		{CA325C5C-B3FD-4D3B-A595-2D4E0819A765}.Debug|Any CPU.ActiveCfg = Debug|Any CPU
		{CA325C5C-B3FD-4D3B-A595-2D4E0819A765}.Debug|Any CPU.Build.0 = Debug|Any CPU
		{CA325C5C-B3FD-4D3B-A595-2D4E0819A765}.Release|Any CPU.ActiveCfg = Release|Any CPU
		{CA325C5C-B3FD-4D3B-A595-2D4E0819A765}.Release|Any CPU.Build.0 = Release|Any CPU
		{50059B48-A35C-4CCF-BDB6-E4540814C666}.Debug|Any CPU.ActiveCfg = Debug|Any CPU
		{50059B48-A35C-4CCF-BDB6-E4540814C666}.Debug|Any CPU.Build.0 = Debug|Any CPU
		{50059B48-A35C-4CCF-BDB6-E4540814C666}.Release|Any CPU.ActiveCfg = Release|Any CPU
		{50059B48-A35C-4CCF-BDB6-E4540814C666}.Release|Any CPU.Build.0 = Release|Any CPU
		{BB4A9025-6082-4673-9D07-0DC773074CE1}.Debug|Any CPU.ActiveCfg = Debug|Any CPU
		{BB4A9025-6082-4673-9D07-0DC773074CE1}.Debug|Any CPU.Build.0 = Debug|Any CPU
		{BB4A9025-6082-4673-9D07-0DC773074CE1}.Release|Any CPU.ActiveCfg = Release|Any CPU
		{BB4A9025-6082-4673-9D07-0DC773074CE1}.Release|Any CPU.Build.0 = Release|Any CPU
		{A1AF6F91-7F45-4818-8870-9141986C59D3}.Debug|Any CPU.ActiveCfg = Debug|Any CPU
		{A1AF6F91-7F45-4818-8870-9141986C59D3}.Debug|Any CPU.Build.0 = Debug|Any CPU
		{A1AF6F91-7F45-4818-8870-9141986C59D3}.Debug|Any CPU.Deploy.0 = Debug|Any CPU
		{A1AF6F91-7F45-4818-8870-9141986C59D3}.Release|Any CPU.ActiveCfg = Release|Any CPU
		{A1AF6F91-7F45-4818-8870-9141986C59D3}.Release|Any CPU.Build.0 = Release|Any CPU
		{A1AF6F91-7F45-4818-8870-9141986C59D3}.Release|Any CPU.Deploy.0 = Release|Any CPU
		{C5A6CE9F-6C70-4EDB-AA4D-62AD3DDFDD62}.Debug|Any CPU.ActiveCfg = Debug|Any CPU
		{C5A6CE9F-6C70-4EDB-AA4D-62AD3DDFDD62}.Debug|Any CPU.Build.0 = Debug|Any CPU
		{C5A6CE9F-6C70-4EDB-AA4D-62AD3DDFDD62}.Debug|Any CPU.Deploy.0 = Debug|Any CPU
		{C5A6CE9F-6C70-4EDB-AA4D-62AD3DDFDD62}.Release|Any CPU.ActiveCfg = Release|Any CPU
		{C5A6CE9F-6C70-4EDB-AA4D-62AD3DDFDD62}.Release|Any CPU.Build.0 = Release|Any CPU
		{C5A6CE9F-6C70-4EDB-AA4D-62AD3DDFDD62}.Release|Any CPU.Deploy.0 = Release|Any CPU
		{A602DE96-E13D-4CE4-A2F9-5EF652FE20AA}.Debug|Any CPU.ActiveCfg = Debug|Any CPU
		{A602DE96-E13D-4CE4-A2F9-5EF652FE20AA}.Debug|Any CPU.Build.0 = Debug|Any CPU
		{A602DE96-E13D-4CE4-A2F9-5EF652FE20AA}.Release|Any CPU.ActiveCfg = Release|Any CPU
		{A602DE96-E13D-4CE4-A2F9-5EF652FE20AA}.Release|Any CPU.Build.0 = Release|Any CPU
		{954F55D4-1DE6-4AD8-B4E7-4D3A52C3A3EB}.Debug|Any CPU.ActiveCfg = Debug|Any CPU
		{954F55D4-1DE6-4AD8-B4E7-4D3A52C3A3EB}.Debug|Any CPU.Build.0 = Debug|Any CPU
		{954F55D4-1DE6-4AD8-B4E7-4D3A52C3A3EB}.Release|Any CPU.ActiveCfg = Release|Any CPU
		{954F55D4-1DE6-4AD8-B4E7-4D3A52C3A3EB}.Release|Any CPU.Build.0 = Release|Any CPU
		{45549F50-61DA-4CD7-B76D-7B7A78B8484D}.Debug|Any CPU.ActiveCfg = Debug|Any CPU
		{45549F50-61DA-4CD7-B76D-7B7A78B8484D}.Debug|Any CPU.Build.0 = Debug|Any CPU
		{45549F50-61DA-4CD7-B76D-7B7A78B8484D}.Release|Any CPU.ActiveCfg = Release|Any CPU
		{45549F50-61DA-4CD7-B76D-7B7A78B8484D}.Release|Any CPU.Build.0 = Release|Any CPU
	EndGlobalSection
	GlobalSection(SolutionProperties) = preSolution
		HideSolutionNode = FALSE
	EndGlobalSection
	GlobalSection(NestedProjects) = preSolution
		{796C5183-FD86-498F-9F29-E3BA80B7424F} = {A1CF8F9C-B7F7-43A8-82FF-62D777B4488B}
		{8C6D47C0-CF9B-442B-A8AD-969A90FED9C0} = {A1CF8F9C-B7F7-43A8-82FF-62D777B4488B}
		{7572C3FB-E25C-410C-96ED-454623EB2186} = {A1CF8F9C-B7F7-43A8-82FF-62D777B4488B}
		{29BD8B1C-92F0-4967-9107-38705CEB7199} = {A1CF8F9C-B7F7-43A8-82FF-62D777B4488B}
		{3450CDD6-4AA7-424D-ADEF-AA9455F47FBA} = {A1CF8F9C-B7F7-43A8-82FF-62D777B4488B}
		{123F5C50-6B94-4763-849D-6B8AEB3C8F0F} = {A1CF8F9C-B7F7-43A8-82FF-62D777B4488B}
		{C1F81F13-9F5D-4673-91A3-C9B564E8DBCE} = {39A52940-E380-490F-BEFE-6A1360D182A8}
		{B0C52F5C-3761-472B-87CD-61363E5CA6B1} = {39A52940-E380-490F-BEFE-6A1360D182A8}
		{4CF41EFB-89DB-4D55-8F91-04298B0134F4} = {39A52940-E380-490F-BEFE-6A1360D182A8}
		{B251D3E8-C14D-4BD1-BA4F-8B7C21798EAC} = {39A52940-E380-490F-BEFE-6A1360D182A8}
		{EAC6AE2E-6871-4686-891D-40DBA0182F12} = {39A52940-E380-490F-BEFE-6A1360D182A8}
		{0B9F2176-4FBA-47F5-8794-D2C2C6566652} = {39A52940-E380-490F-BEFE-6A1360D182A8}
		{3924C7BC-86B9-4D11-986D-B0E9E5BCA8AF} = {827AF8AF-61AC-40A3-B318-AF29B74E98A1}
		{9E2617FD-8D73-4833-A32A-9BBDD1927E63} = {A1CF8F9C-B7F7-43A8-82FF-62D777B4488B}
		{60CE3768-EF82-4CE0-9443-A3DD92412006} = {39A52940-E380-490F-BEFE-6A1360D182A8}
		{DF6BEBEB-579B-4A6D-931B-569C33CAFC38} = {A1CF8F9C-B7F7-43A8-82FF-62D777B4488B}
		{F52211B5-A6EB-4007-B2E0-0CB3BC99ECE7} = {39A52940-E380-490F-BEFE-6A1360D182A8}
		{73E6C8FE-16AE-4E57-B9BC-5A738DB0E118} = {A1CF8F9C-B7F7-43A8-82FF-62D777B4488B}
		{CB211FF3-C5A4-41E5-B1DD-A42489FA3F26} = {39A52940-E380-490F-BEFE-6A1360D182A8}
		{CA325C5C-B3FD-4D3B-A595-2D4E0819A765} = {53F9AFC1-EDD4-4CD0-9FAC-6293B4623F7D}
		{50059B48-A35C-4CCF-BDB6-E4540814C666} = {53F9AFC1-EDD4-4CD0-9FAC-6293B4623F7D}
		{BB4A9025-6082-4673-9D07-0DC773074CE1} = {39A52940-E380-490F-BEFE-6A1360D182A8}
		{A1AF6F91-7F45-4818-8870-9141986C59D3} = {9550A562-A4F4-4C07-9010-68DB515924BA}
		{C5A6CE9F-6C70-4EDB-AA4D-62AD3DDFDD62} = {9550A562-A4F4-4C07-9010-68DB515924BA}
		{A602DE96-E13D-4CE4-A2F9-5EF652FE20AA} = {54C4FF12-AC1B-42DE-8FEB-212464E0563D}
		{954F55D4-1DE6-4AD8-B4E7-4D3A52C3A3EB} = {54C4FF12-AC1B-42DE-8FEB-212464E0563D}
		{45549F50-61DA-4CD7-B76D-7B7A78B8484D} = {54C4FF12-AC1B-42DE-8FEB-212464E0563D}
	EndGlobalSection
EndGlobal
