
Microsoft Visual Studio Solution File, Format Version 12.00
# Visual Studio 2013
VisualStudioVersion = 12.0.40629.0
MinimumVisualStudioVersion = 10.0.40219.1
Project("{2150E333-8FDC-42A3-9474-1A3956D46DE8}") = "04_WebSite", "04_WebSite", "{C93DD6F8-714A-4BA8-AD26-208A8CD08263}"
EndProject
Project("{FAE04EC0-301F-11D3-BF4B-00C04F79EFBC}") = "NHH.WebSite.Image", "03_WebSite\NHH.WebSite.Image.csproj", "{45772C2B-2788-4189-A338-08D3A6921205}"
EndProject
Project("{2150E333-8FDC-42A3-9474-1A3956D46DE8}") = "00_DataBase", "00_DataBase", "{75976B6C-70CC-4443-9AAD-2BCEBD3DC725}"
EndProject
Project("{2150E333-8FDC-42A3-9474-1A3956D46DE8}") = "01_Framework", "01_Framework", "{51203700-3DDA-42E9-9C46-C9CE22276253}"
EndProject
Project("{2150E333-8FDC-42A3-9474-1A3956D46DE8}") = "02_BizLogic", "02_BizLogic", "{D1A4AA32-3367-4449-942A-EF21EE363CD5}"
EndProject
Project("{2150E333-8FDC-42A3-9474-1A3956D46DE8}") = "03_Service", "03_Service", "{08D2C7DD-243D-4959-B1C6-40F7F75065AB}"
EndProject
Project("{2150E333-8FDC-42A3-9474-1A3956D46DE8}") = "05_Models", "05_Models", "{B95B2AFF-639C-403F-9135-C4E61AAD1ED7}"
EndProject
Project("{2150E333-8FDC-42A3-9474-1A3956D46DE8}") = ".nuget", ".nuget", "{5EF2D063-FC03-4BB9-A818-82E70C99CAFB}"
	ProjectSection(SolutionItems) = preProject
		.nuget\NuGet.Config = .nuget\NuGet.Config
		.nuget\NuGet.exe = .nuget\NuGet.exe
		.nuget\NuGet.targets = .nuget\NuGet.targets
	EndProjectSection
EndProject
Project("{00D1A9C2-B5F0-4AF3-8072-F6C62B433612}") = "NHH", "..\..\00_DataBase\NHH\NHH.sqlproj", "{A1AF6F91-7F45-4818-8870-9141986C59D3}"
EndProject
Project("{00D1A9C2-B5F0-4AF3-8072-F6C62B433612}") = "NHH_LOG", "..\..\00_DataBase\NHH_LOG\NHH_LOG.sqlproj", "{C5A6CE9F-6C70-4EDB-AA4D-62AD3DDFDD62}"
EndProject
Project("{FAE04EC0-301F-11D3-BF4B-00C04F79EFBC}") = "NHH.Framework.Core", "..\..\01_Framework\Core\NHH.Framework.Core.csproj", "{954F55D4-1DE6-4AD8-B4E7-4D3A52C3A3EB}"
EndProject
Project("{FAE04EC0-301F-11D3-BF4B-00C04F79EFBC}") = "NHH.BizLogic.Common", "..\..\02_BizLogic\Common\NHH.BizLogic.Common.csproj", "{CA325C5C-B3FD-4D3B-A595-2D4E0819A765}"
EndProject
Project("{FAE04EC0-301F-11D3-BF4B-00C04F79EFBC}") = "NHH.Entities", "..\..\02_BizLogic\Entities\NHH.Entities.csproj", "{50059B48-A35C-4CCF-BDB6-E4540814C666}"
EndProject
Project("{FAE04EC0-301F-11D3-BF4B-00C04F79EFBC}") = "NHH.Service.Image", "01_Service\Image\NHH.Service.Image.csproj", "{9D857AB4-1CDF-427A-9DE3-A4DCF87E780C}"
EndProject
Project("{FAE04EC0-301F-11D3-BF4B-00C04F79EFBC}") = "NHH.Models.Image", "05_Models\Image\NHH.Models.Image.csproj", "{F8FE06C6-0E85-4B9D-B808-278F79169BBA}"
EndProject
Global
	GlobalSection(SolutionConfigurationPlatforms) = preSolution
		Debug|Any CPU = Debug|Any CPU
		Release|Any CPU = Release|Any CPU
	EndGlobalSection
	GlobalSection(ProjectConfigurationPlatforms) = postSolution
		{45772C2B-2788-4189-A338-08D3A6921205}.Debug|Any CPU.ActiveCfg = Debug|Any CPU
		{45772C2B-2788-4189-A338-08D3A6921205}.Debug|Any CPU.Build.0 = Debug|Any CPU
		{45772C2B-2788-4189-A338-08D3A6921205}.Release|Any CPU.ActiveCfg = Release|Any CPU
		{45772C2B-2788-4189-A338-08D3A6921205}.Release|Any CPU.Build.0 = Release|Any CPU
		{A1AF6F91-7F45-4818-8870-9141986C59D3}.Debug|Any CPU.ActiveCfg = Debug|Any CPU
		{A1AF6F91-7F45-4818-8870-9141986C59D3}.Debug|Any CPU.Build.0 = Debug|Any CPU
		{A1AF6F91-7F45-4818-8870-9141986C59D3}.Debug|Any CPU.Deploy.0 = Debug|Any CPU
		{A1AF6F91-7F45-4818-8870-9141986C59D3}.Release|Any CPU.ActiveCfg = Release|Any CPU
		{A1AF6F91-7F45-4818-8870-9141986C59D3}.Release|Any CPU.Build.0 = Release|Any CPU
		{A1AF6F91-7F45-4818-8870-9141986C59D3}.Release|Any CPU.Deploy.0 = Release|Any CPU
		{C5A6CE9F-6C70-4EDB-AA4D-62AD3DDFDD62}.Debug|Any CPU.ActiveCfg = Debug|Any CPU
		{C5A6CE9F-6C70-4EDB-AA4D-62AD3DDFDD62}.Debug|Any CPU.Build.0 = Debug|Any CPU
		{C5A6CE9F-6C70-4EDB-AA4D-62AD3DDFDD62}.Debug|Any CPU.Deploy.0 = Debug|Any CPU
		{C5A6CE9F-6C70-4EDB-AA4D-62AD3DDFDD62}.Release|Any CPU.ActiveCfg = Release|Any CPU
		{C5A6CE9F-6C70-4EDB-AA4D-62AD3DDFDD62}.Release|Any CPU.Build.0 = Release|Any CPU
		{C5A6CE9F-6C70-4EDB-AA4D-62AD3DDFDD62}.Release|Any CPU.Deploy.0 = Release|Any CPU
		{954F55D4-1DE6-4AD8-B4E7-4D3A52C3A3EB}.Debug|Any CPU.ActiveCfg = Debug|Any CPU
		{954F55D4-1DE6-4AD8-B4E7-4D3A52C3A3EB}.Debug|Any CPU.Build.0 = Debug|Any CPU
		{954F55D4-1DE6-4AD8-B4E7-4D3A52C3A3EB}.Release|Any CPU.ActiveCfg = Release|Any CPU
		{954F55D4-1DE6-4AD8-B4E7-4D3A52C3A3EB}.Release|Any CPU.Build.0 = Release|Any CPU
		{CA325C5C-B3FD-4D3B-A595-2D4E0819A765}.Debug|Any CPU.ActiveCfg = Debug|Any CPU
		{CA325C5C-B3FD-4D3B-A595-2D4E0819A765}.Debug|Any CPU.Build.0 = Debug|Any CPU
		{CA325C5C-B3FD-4D3B-A595-2D4E0819A765}.Release|Any CPU.ActiveCfg = Release|Any CPU
		{CA325C5C-B3FD-4D3B-A595-2D4E0819A765}.Release|Any CPU.Build.0 = Release|Any CPU
		{50059B48-A35C-4CCF-BDB6-E4540814C666}.Debug|Any CPU.ActiveCfg = Debug|Any CPU
		{50059B48-A35C-4CCF-BDB6-E4540814C666}.Debug|Any CPU.Build.0 = Debug|Any CPU
		{50059B48-A35C-4CCF-BDB6-E4540814C666}.Release|Any CPU.ActiveCfg = Release|Any CPU
		{50059B48-A35C-4CCF-BDB6-E4540814C666}.Release|Any CPU.Build.0 = Release|Any CPU
		{9D857AB4-1CDF-427A-9DE3-A4DCF87E780C}.Debug|Any CPU.ActiveCfg = Debug|Any CPU
		{9D857AB4-1CDF-427A-9DE3-A4DCF87E780C}.Debug|Any CPU.Build.0 = Debug|Any CPU
		{9D857AB4-1CDF-427A-9DE3-A4DCF87E780C}.Release|Any CPU.ActiveCfg = Release|Any CPU
		{9D857AB4-1CDF-427A-9DE3-A4DCF87E780C}.Release|Any CPU.Build.0 = Release|Any CPU
		{F8FE06C6-0E85-4B9D-B808-278F79169BBA}.Debug|Any CPU.ActiveCfg = Debug|Any CPU
		{F8FE06C6-0E85-4B9D-B808-278F79169BBA}.Debug|Any CPU.Build.0 = Debug|Any CPU
		{F8FE06C6-0E85-4B9D-B808-278F79169BBA}.Release|Any CPU.ActiveCfg = Release|Any CPU
		{F8FE06C6-0E85-4B9D-B808-278F79169BBA}.Release|Any CPU.Build.0 = Release|Any CPU
	EndGlobalSection
	GlobalSection(SolutionProperties) = preSolution
		HideSolutionNode = FALSE
	EndGlobalSection
	GlobalSection(NestedProjects) = preSolution
		{45772C2B-2788-4189-A338-08D3A6921205} = {C93DD6F8-714A-4BA8-AD26-208A8CD08263}
		{A1AF6F91-7F45-4818-8870-9141986C59D3} = {75976B6C-70CC-4443-9AAD-2BCEBD3DC725}
		{C5A6CE9F-6C70-4EDB-AA4D-62AD3DDFDD62} = {75976B6C-70CC-4443-9AAD-2BCEBD3DC725}
		{954F55D4-1DE6-4AD8-B4E7-4D3A52C3A3EB} = {51203700-3DDA-42E9-9C46-C9CE22276253}
		{CA325C5C-B3FD-4D3B-A595-2D4E0819A765} = {D1A4AA32-3367-4449-942A-EF21EE363CD5}
		{50059B48-A35C-4CCF-BDB6-E4540814C666} = {D1A4AA32-3367-4449-942A-EF21EE363CD5}
		{9D857AB4-1CDF-427A-9DE3-A4DCF87E780C} = {08D2C7DD-243D-4959-B1C6-40F7F75065AB}
		{F8FE06C6-0E85-4B9D-B808-278F79169BBA} = {B95B2AFF-639C-403F-9135-C4E61AAD1ED7}
	EndGlobalSection
EndGlobal
