
Microsoft Visual Studio Solution File, Format Version 12.00
# Visual Studio 2013
VisualStudioVersion = 12.0.40629.0
MinimumVisualStudioVersion = 10.0.40219.1
Project("{2150E333-8FDC-42A3-9474-1A3956D46DE8}") = "00_DataBase", "00_DataBase", "{484EFBE5-526B-4DB4-BB49-19260D67974F}"
EndProject
Project("{2150E333-8FDC-42A3-9474-1A3956D46DE8}") = "01_Framework", "01_Framework", "{07D28004-CFCB-482A-A138-98C862DA2C78}"
EndProject
Project("{2150E333-8FDC-42A3-9474-1A3956D46DE8}") = "02_BizLogic", "02_BizLogic", "{78A4684D-D71F-4458-89C0-50662FB4E4D1}"
EndProject
Project("{2150E333-8FDC-42A3-9474-1A3956D46DE8}") = "03_Service", "03_Service", "{76973E00-B61A-48DC-A1D8-7F076E401D58}"
EndProject
Project("{2150E333-8FDC-42A3-9474-1A3956D46DE8}") = "04_WebSite", "04_WebSite", "{82065022-D479-4109-9B4D-54B9B563DF28}"
EndProject
Project("{00D1A9C2-B5F0-4AF3-8072-F6C62B433612}") = "NHH", "..\..\00_DataBase\NHH\NHH.sqlproj", "{A1AF6F91-7F45-4818-8870-9141986C59D3}"
EndProject
Project("{00D1A9C2-B5F0-4AF3-8072-F6C62B433612}") = "NHH_LOG", "..\..\00_DataBase\NHH_LOG\NHH_LOG.sqlproj", "{C5A6CE9F-6C70-4EDB-AA4D-62AD3DDFDD62}"
EndProject
Project("{FAE04EC0-301F-11D3-BF4B-00C04F79EFBC}") = "NHH.Framework.Core", "..\..\01_Framework\Core\NHH.Framework.Core.csproj", "{954F55D4-1DE6-4AD8-B4E7-4D3A52C3A3EB}"
EndProject
Project("{FAE04EC0-301F-11D3-BF4B-00C04F79EFBC}") = "NHH.Framework.Core.Baidu", "..\..\01_Framework\Baidu\NHH.Framework.Core.Baidu.csproj", "{A602DE96-E13D-4CE4-A2F9-5EF652FE20AA}"
EndProject
Project("{FAE04EC0-301F-11D3-BF4B-00C04F79EFBC}") = "NHH.Framework.Core.Wechat", "..\..\01_Framework\Wechat\NHH.Framework.Core.Wechat.csproj", "{45549F50-61DA-4CD7-B76D-7B7A78B8484D}"
EndProject
Project("{FAE04EC0-301F-11D3-BF4B-00C04F79EFBC}") = "NHH.BizLogic.Common", "..\..\02_BizLogic\Common\NHH.BizLogic.Common.csproj", "{CA325C5C-B3FD-4D3B-A595-2D4E0819A765}"
EndProject
Project("{FAE04EC0-301F-11D3-BF4B-00C04F79EFBC}") = "NHH.Entities", "..\..\02_BizLogic\Entities\NHH.Entities.csproj", "{50059B48-A35C-4CCF-BDB6-E4540814C666}"
EndProject
Project("{FAE04EC0-301F-11D3-BF4B-00C04F79EFBC}") = "NHH.Service.Campaign", "01_Service\Campaign\NHH.Service.Campaign.csproj", "{5FD1E757-5265-42FD-9D81-4AFAE11E54F4}"
EndProject
Project("{FAE04EC0-301F-11D3-BF4B-00C04F79EFBC}") = "NHH.Service.Chart", "01_Service\Chart\NHH.Service.Chart.csproj", "{60666876-C631-4BF4-BDC8-5039F710026A}"
EndProject
Project("{FAE04EC0-301F-11D3-BF4B-00C04F79EFBC}") = "NHH.Service.Common", "01_Service\Common\NHH.Service.Common.csproj", "{796C5183-FD86-498F-9F29-E3BA80B7424F}"
EndProject
Project("{FAE04EC0-301F-11D3-BF4B-00C04F79EFBC}") = "NHH.Service.Configure", "01_Service\Configure\NHH.Service.Configure.csproj", "{7B3B1893-A8D8-428C-BE08-96C133434147}"
EndProject
Project("{FAE04EC0-301F-11D3-BF4B-00C04F79EFBC}") = "NHH.Service.Contract", "01_Service\Contract\NHH.Service.Contract.csproj", "{8C6D47C0-CF9B-442B-A8AD-969A90FED9C0}"
EndProject
Project("{FAE04EC0-301F-11D3-BF4B-00C04F79EFBC}") = "NHH.Service.Estate", "01_Service\Estate\NHH.Service.Estate.csproj", "{7572C3FB-E25C-410C-96ED-454623EB2186}"
EndProject
Project("{FAE04EC0-301F-11D3-BF4B-00C04F79EFBC}") = "NHH.Service.Merchant", "01_Service\Merchant\NHH.Service.Merchant.csproj", "{29BD8B1C-92F0-4967-9107-38705CEB7199}"
EndProject
Project("{FAE04EC0-301F-11D3-BF4B-00C04F79EFBC}") = "NHH.Service.Message", "01_Service\Message\NHH.Service.Message.csproj", "{0D0A4686-C57F-4E67-AFB6-3A119BE9776F}"
EndProject
Project("{FAE04EC0-301F-11D3-BF4B-00C04F79EFBC}") = "NHH.Service.Permission", "01_Service\Permission\NHH.Service.Permission.csproj", "{DD274FE1-F085-4C6F-9DE0-50B14C163961}"
EndProject
Project("{FAE04EC0-301F-11D3-BF4B-00C04F79EFBC}") = "NHH.Service.Plan", "01_Service\Plan\NHH.Service.Plan.csproj", "{950DA0F2-A099-4081-9AE3-02A646E991DC}"
EndProject
Project("{FAE04EC0-301F-11D3-BF4B-00C04F79EFBC}") = "NHH.Service.Project", "01_Service\Project\NHH.Service.Project.csproj", "{3450CDD6-4AA7-424D-ADEF-AA9455F47FBA}"
EndProject
Project("{FAE04EC0-301F-11D3-BF4B-00C04F79EFBC}") = "NHH.Service.Report", "01_Service\Report\NHH.Service.Report.csproj", "{7CEC2B2E-1C06-45F7-B249-E576BF036219}"
EndProject
Project("{FAE04EC0-301F-11D3-BF4B-00C04F79EFBC}") = "NHH.Service.Store", "01_Service\Store\NHH.Service.Store.csproj", "{123F5C50-6B94-4763-849D-6B8AEB3C8F0F}"
EndProject
Project("{FAE04EC0-301F-11D3-BF4B-00C04F79EFBC}") = "NHH.WebSite.Management", "03_WebSite\NHH.WebSite.Management.csproj", "{BCEC0179-0143-4C67-B402-906AFFEFABCF}"
EndProject
Project("{2150E333-8FDC-42A3-9474-1A3956D46DE8}") = "05_Models", "05_Models", "{2463AE03-146E-4AC4-9318-44CC46B2C009}"
EndProject
Project("{FAE04EC0-301F-11D3-BF4B-00C04F79EFBC}") = "NHH.Models.Campaign", "02_Models\Campaign\NHH.Models.Campaign.csproj", "{BE9517F9-E7C2-4C52-9933-E89F9033F00B}"
EndProject
Project("{FAE04EC0-301F-11D3-BF4B-00C04F79EFBC}") = "NHH.Models.Chart", "02_Models\Chart\NHH.Models.Chart.csproj", "{367331B2-2814-449C-A000-490D663293E3}"
EndProject
Project("{FAE04EC0-301F-11D3-BF4B-00C04F79EFBC}") = "NHH.Models.Common", "02_Models\Common\NHH.Models.Common.csproj", "{C1F81F13-9F5D-4673-91A3-C9B564E8DBCE}"
EndProject
Project("{FAE04EC0-301F-11D3-BF4B-00C04F79EFBC}") = "NHH.Models.Configure", "02_Models\Configure\NHH.Models.Configure.csproj", "{949C68DA-94CD-4C50-B65E-9131A1118C28}"
EndProject
Project("{FAE04EC0-301F-11D3-BF4B-00C04F79EFBC}") = "NHH.Models.Contract", "02_Models\Contract\NHH.Models.Contract.csproj", "{B0C52F5C-3761-472B-87CD-61363E5CA6B1}"
EndProject
Project("{FAE04EC0-301F-11D3-BF4B-00C04F79EFBC}") = "NHH.Models.Estate", "02_Models\Estate\NHH.Models.Estate.csproj", "{4CF41EFB-89DB-4D55-8F91-04298B0134F4}"
EndProject
Project("{FAE04EC0-301F-11D3-BF4B-00C04F79EFBC}") = "NHH.Models.Merchant", "02_Models\Merchant\NHH.Models.Merchant.csproj", "{B251D3E8-C14D-4BD1-BA4F-8B7C21798EAC}"
EndProject
Project("{FAE04EC0-301F-11D3-BF4B-00C04F79EFBC}") = "NHH.Models.Message", "02_Models\Message\NHH.Models.Message.csproj", "{CCA70A84-D5A5-4C9F-8FBD-6A6A85A11135}"
EndProject
Project("{FAE04EC0-301F-11D3-BF4B-00C04F79EFBC}") = "NHH.Models.Permission", "02_Models\Permission\NHH.Models.Permission.csproj", "{B80B75C0-C50F-4B72-A98C-6F824D330BE3}"
EndProject
Project("{FAE04EC0-301F-11D3-BF4B-00C04F79EFBC}") = "NHH.Models.Plan", "02_Models\Plan\NHH.Models.Plan.csproj", "{3867A0AC-E862-47B9-BFC2-E432B7A6848A}"
EndProject
Project("{FAE04EC0-301F-11D3-BF4B-00C04F79EFBC}") = "NHH.Models.Project", "02_Models\Project\NHH.Models.Project.csproj", "{EAC6AE2E-6871-4686-891D-40DBA0182F12}"
EndProject
Project("{FAE04EC0-301F-11D3-BF4B-00C04F79EFBC}") = "NHH.Models.Report", "02_Models\Report\NHH.Models.Report.csproj", "{FBE54C59-667D-4931-8F7F-A3CB6C53C3AB}"
EndProject
Project("{FAE04EC0-301F-11D3-BF4B-00C04F79EFBC}") = "NHH.Models.Store", "02_Models\Store\NHH.Models.Store.csproj", "{0B9F2176-4FBA-47F5-8794-D2C2C6566652}"
EndProject
Project("{2150E333-8FDC-42A3-9474-1A3956D46DE8}") = ".nuget", ".nuget", "{7C4AB69D-D0DE-4BAD-8C0F-84D51DCBBED4}"
	ProjectSection(SolutionItems) = preProject
		.nuget\NuGet.Config = .nuget\NuGet.Config
		.nuget\NuGet.exe = .nuget\NuGet.exe
		.nuget\NuGet.targets = .nuget\NuGet.targets
	EndProjectSection
EndProject
Project("{FAE04EC0-301F-11D3-BF4B-00C04F79EFBC}") = "NHH.Models.Official", "02_Models\Official\NHH.Models.Official.csproj", "{CB65AD14-D37C-481A-9926-FB984D4D4CDD}"
EndProject
Project("{FAE04EC0-301F-11D3-BF4B-00C04F79EFBC}") = "NHH.Service.Official", "01_Service\Official\NHH.Service.Official.csproj", "{6658C79C-FBEC-44B3-A5B2-345E32FB6988}"
EndProject
Project("{FAE04EC0-301F-11D3-BF4B-00C04F79EFBC}") = "NHH.Service.Operations", "01_Service\Operations\NHH.Service.Operations.csproj", "{08BC0C30-7DCB-48ED-98CE-DA34B00FDAB1}"
EndProject
Project("{FAE04EC0-301F-11D3-BF4B-00C04F79EFBC}") = "NHH.Models.Operations", "02_Models\Operations\NHH.Models.Operations.csproj", "{77415CD8-BDD0-4115-85D4-CF7BA7A15972}"
EndProject
Project("{FAE04EC0-301F-11D3-BF4B-00C04F79EFBC}") = "NHH.Models.Approve", "02_Models\NHH.Models.Approve\NHH.Models.Approve.csproj", "{C4766249-1770-4DDE-97E5-4CE18A7F9402}"
EndProject
Project("{FAE04EC0-301F-11D3-BF4B-00C04F79EFBC}") = "NHH.Message.Models.Sms", "02_Models\NHH.Message.Models.Sms\NHH.Message.Models.Sms.csproj", "{BB4A9025-6082-4673-9D07-0DC773074CE1}"
EndProject
Project("{FAE04EC0-301F-11D3-BF4B-00C04F79EFBC}") = "NHH.Message.Models.Wechat", "02_Models\NHH.Message.Models.Wechat\NHH.Message.Models.Wechat.csproj", "{797E684C-0BEE-4090-9860-483EB9AB2F25}"
EndProject
Project("{FAE04EC0-301F-11D3-BF4B-00C04F79EFBC}") = "NHH.Service.Approve", "01_Service\NHH.Service.Approve\NHH.Service.Approve.csproj", "{4889433B-738C-4B4C-8AA3-4E412A13083B}"
EndProject
Project("{FAE04EC0-301F-11D3-BF4B-00C04F79EFBC}") = "NHH.Models.Logging", "02_Models\Logging\NHH.Models.Logging.csproj", "{D859059F-2F43-4C3E-9762-849EC4E03152}"
EndProject
Project("{FAE04EC0-301F-11D3-BF4B-00C04F79EFBC}") = "NHH.Service.Logging", "01_Service\Logging\NHH.Service.Logging.csproj", "{FD5C19DE-CD7F-4226-A279-5FA11A4A5BB1}"
EndProject
Global
	GlobalSection(SolutionConfigurationPlatforms) = preSolution
		Debug|Any CPU = Debug|Any CPU
		Release|Any CPU = Release|Any CPU
	EndGlobalSection
	GlobalSection(ProjectConfigurationPlatforms) = postSolution
		{A1AF6F91-7F45-4818-8870-9141986C59D3}.Debug|Any CPU.ActiveCfg = Debug|Any CPU
		{A1AF6F91-7F45-4818-8870-9141986C59D3}.Debug|Any CPU.Build.0 = Debug|Any CPU
		{A1AF6F91-7F45-4818-8870-9141986C59D3}.Debug|Any CPU.Deploy.0 = Debug|Any CPU
		{A1AF6F91-7F45-4818-8870-9141986C59D3}.Release|Any CPU.ActiveCfg = Release|Any CPU
		{A1AF6F91-7F45-4818-8870-9141986C59D3}.Release|Any CPU.Build.0 = Release|Any CPU
		{A1AF6F91-7F45-4818-8870-9141986C59D3}.Release|Any CPU.Deploy.0 = Release|Any CPU
		{C5A6CE9F-6C70-4EDB-AA4D-62AD3DDFDD62}.Debug|Any CPU.ActiveCfg = Debug|Any CPU
		{C5A6CE9F-6C70-4EDB-AA4D-62AD3DDFDD62}.Debug|Any CPU.Build.0 = Debug|Any CPU
		{C5A6CE9F-6C70-4EDB-AA4D-62AD3DDFDD62}.Debug|Any CPU.Deploy.0 = Debug|Any CPU
		{C5A6CE9F-6C70-4EDB-AA4D-62AD3DDFDD62}.Release|Any CPU.ActiveCfg = Release|Any CPU
		{C5A6CE9F-6C70-4EDB-AA4D-62AD3DDFDD62}.Release|Any CPU.Build.0 = Release|Any CPU
		{C5A6CE9F-6C70-4EDB-AA4D-62AD3DDFDD62}.Release|Any CPU.Deploy.0 = Release|Any CPU
		{954F55D4-1DE6-4AD8-B4E7-4D3A52C3A3EB}.Debug|Any CPU.ActiveCfg = Debug|Any CPU
		{954F55D4-1DE6-4AD8-B4E7-4D3A52C3A3EB}.Debug|Any CPU.Build.0 = Debug|Any CPU
		{954F55D4-1DE6-4AD8-B4E7-4D3A52C3A3EB}.Release|Any CPU.ActiveCfg = Release|Any CPU
		{954F55D4-1DE6-4AD8-B4E7-4D3A52C3A3EB}.Release|Any CPU.Build.0 = Release|Any CPU
		{A602DE96-E13D-4CE4-A2F9-5EF652FE20AA}.Debug|Any CPU.ActiveCfg = Debug|Any CPU
		{A602DE96-E13D-4CE4-A2F9-5EF652FE20AA}.Debug|Any CPU.Build.0 = Debug|Any CPU
		{A602DE96-E13D-4CE4-A2F9-5EF652FE20AA}.Release|Any CPU.ActiveCfg = Release|Any CPU
		{A602DE96-E13D-4CE4-A2F9-5EF652FE20AA}.Release|Any CPU.Build.0 = Release|Any CPU
		{45549F50-61DA-4CD7-B76D-7B7A78B8484D}.Debug|Any CPU.ActiveCfg = Debug|Any CPU
		{45549F50-61DA-4CD7-B76D-7B7A78B8484D}.Debug|Any CPU.Build.0 = Debug|Any CPU
		{45549F50-61DA-4CD7-B76D-7B7A78B8484D}.Release|Any CPU.ActiveCfg = Release|Any CPU
		{45549F50-61DA-4CD7-B76D-7B7A78B8484D}.Release|Any CPU.Build.0 = Release|Any CPU
		{CA325C5C-B3FD-4D3B-A595-2D4E0819A765}.Debug|Any CPU.ActiveCfg = Debug|Any CPU
		{CA325C5C-B3FD-4D3B-A595-2D4E0819A765}.Debug|Any CPU.Build.0 = Debug|Any CPU
		{CA325C5C-B3FD-4D3B-A595-2D4E0819A765}.Release|Any CPU.ActiveCfg = Release|Any CPU
		{CA325C5C-B3FD-4D3B-A595-2D4E0819A765}.Release|Any CPU.Build.0 = Release|Any CPU
		{50059B48-A35C-4CCF-BDB6-E4540814C666}.Debug|Any CPU.ActiveCfg = Debug|Any CPU
		{50059B48-A35C-4CCF-BDB6-E4540814C666}.Debug|Any CPU.Build.0 = Debug|Any CPU
		{50059B48-A35C-4CCF-BDB6-E4540814C666}.Release|Any CPU.ActiveCfg = Release|Any CPU
		{50059B48-A35C-4CCF-BDB6-E4540814C666}.Release|Any CPU.Build.0 = Release|Any CPU
		{5FD1E757-5265-42FD-9D81-4AFAE11E54F4}.Debug|Any CPU.ActiveCfg = Debug|Any CPU
		{5FD1E757-5265-42FD-9D81-4AFAE11E54F4}.Debug|Any CPU.Build.0 = Debug|Any CPU
		{5FD1E757-5265-42FD-9D81-4AFAE11E54F4}.Release|Any CPU.ActiveCfg = Release|Any CPU
		{5FD1E757-5265-42FD-9D81-4AFAE11E54F4}.Release|Any CPU.Build.0 = Release|Any CPU
		{60666876-C631-4BF4-BDC8-5039F710026A}.Debug|Any CPU.ActiveCfg = Debug|Any CPU
		{60666876-C631-4BF4-BDC8-5039F710026A}.Debug|Any CPU.Build.0 = Debug|Any CPU
		{60666876-C631-4BF4-BDC8-5039F710026A}.Release|Any CPU.ActiveCfg = Release|Any CPU
		{60666876-C631-4BF4-BDC8-5039F710026A}.Release|Any CPU.Build.0 = Release|Any CPU
		{796C5183-FD86-498F-9F29-E3BA80B7424F}.Debug|Any CPU.ActiveCfg = Debug|Any CPU
		{796C5183-FD86-498F-9F29-E3BA80B7424F}.Debug|Any CPU.Build.0 = Debug|Any CPU
		{796C5183-FD86-498F-9F29-E3BA80B7424F}.Release|Any CPU.ActiveCfg = Release|Any CPU
		{796C5183-FD86-498F-9F29-E3BA80B7424F}.Release|Any CPU.Build.0 = Release|Any CPU
		{7B3B1893-A8D8-428C-BE08-96C133434147}.Debug|Any CPU.ActiveCfg = Debug|Any CPU
		{7B3B1893-A8D8-428C-BE08-96C133434147}.Debug|Any CPU.Build.0 = Debug|Any CPU
		{7B3B1893-A8D8-428C-BE08-96C133434147}.Release|Any CPU.ActiveCfg = Release|Any CPU
		{7B3B1893-A8D8-428C-BE08-96C133434147}.Release|Any CPU.Build.0 = Release|Any CPU
		{8C6D47C0-CF9B-442B-A8AD-969A90FED9C0}.Debug|Any CPU.ActiveCfg = Debug|Any CPU
		{8C6D47C0-CF9B-442B-A8AD-969A90FED9C0}.Debug|Any CPU.Build.0 = Debug|Any CPU
		{8C6D47C0-CF9B-442B-A8AD-969A90FED9C0}.Release|Any CPU.ActiveCfg = Release|Any CPU
		{8C6D47C0-CF9B-442B-A8AD-969A90FED9C0}.Release|Any CPU.Build.0 = Release|Any CPU
		{7572C3FB-E25C-410C-96ED-454623EB2186}.Debug|Any CPU.ActiveCfg = Debug|Any CPU
		{7572C3FB-E25C-410C-96ED-454623EB2186}.Debug|Any CPU.Build.0 = Debug|Any CPU
		{7572C3FB-E25C-410C-96ED-454623EB2186}.Release|Any CPU.ActiveCfg = Release|Any CPU
		{7572C3FB-E25C-410C-96ED-454623EB2186}.Release|Any CPU.Build.0 = Release|Any CPU
		{29BD8B1C-92F0-4967-9107-38705CEB7199}.Debug|Any CPU.ActiveCfg = Debug|Any CPU
		{29BD8B1C-92F0-4967-9107-38705CEB7199}.Debug|Any CPU.Build.0 = Debug|Any CPU
		{29BD8B1C-92F0-4967-9107-38705CEB7199}.Release|Any CPU.ActiveCfg = Release|Any CPU
		{29BD8B1C-92F0-4967-9107-38705CEB7199}.Release|Any CPU.Build.0 = Release|Any CPU
		{0D0A4686-C57F-4E67-AFB6-3A119BE9776F}.Debug|Any CPU.ActiveCfg = Debug|Any CPU
		{0D0A4686-C57F-4E67-AFB6-3A119BE9776F}.Debug|Any CPU.Build.0 = Debug|Any CPU
		{0D0A4686-C57F-4E67-AFB6-3A119BE9776F}.Release|Any CPU.ActiveCfg = Release|Any CPU
		{0D0A4686-C57F-4E67-AFB6-3A119BE9776F}.Release|Any CPU.Build.0 = Release|Any CPU
		{DD274FE1-F085-4C6F-9DE0-50B14C163961}.Debug|Any CPU.ActiveCfg = Debug|Any CPU
		{DD274FE1-F085-4C6F-9DE0-50B14C163961}.Debug|Any CPU.Build.0 = Debug|Any CPU
		{DD274FE1-F085-4C6F-9DE0-50B14C163961}.Release|Any CPU.ActiveCfg = Release|Any CPU
		{DD274FE1-F085-4C6F-9DE0-50B14C163961}.Release|Any CPU.Build.0 = Release|Any CPU
		{950DA0F2-A099-4081-9AE3-02A646E991DC}.Debug|Any CPU.ActiveCfg = Debug|Any CPU
		{950DA0F2-A099-4081-9AE3-02A646E991DC}.Debug|Any CPU.Build.0 = Debug|Any CPU
		{950DA0F2-A099-4081-9AE3-02A646E991DC}.Release|Any CPU.ActiveCfg = Release|Any CPU
		{950DA0F2-A099-4081-9AE3-02A646E991DC}.Release|Any CPU.Build.0 = Release|Any CPU
		{3450CDD6-4AA7-424D-ADEF-AA9455F47FBA}.Debug|Any CPU.ActiveCfg = Debug|Any CPU
		{3450CDD6-4AA7-424D-ADEF-AA9455F47FBA}.Debug|Any CPU.Build.0 = Debug|Any CPU
		{3450CDD6-4AA7-424D-ADEF-AA9455F47FBA}.Release|Any CPU.ActiveCfg = Release|Any CPU
		{3450CDD6-4AA7-424D-ADEF-AA9455F47FBA}.Release|Any CPU.Build.0 = Release|Any CPU
		{7CEC2B2E-1C06-45F7-B249-E576BF036219}.Debug|Any CPU.ActiveCfg = Debug|Any CPU
		{7CEC2B2E-1C06-45F7-B249-E576BF036219}.Debug|Any CPU.Build.0 = Debug|Any CPU
		{7CEC2B2E-1C06-45F7-B249-E576BF036219}.Release|Any CPU.ActiveCfg = Release|Any CPU
		{7CEC2B2E-1C06-45F7-B249-E576BF036219}.Release|Any CPU.Build.0 = Release|Any CPU
		{123F5C50-6B94-4763-849D-6B8AEB3C8F0F}.Debug|Any CPU.ActiveCfg = Debug|Any CPU
		{123F5C50-6B94-4763-849D-6B8AEB3C8F0F}.Debug|Any CPU.Build.0 = Debug|Any CPU
		{123F5C50-6B94-4763-849D-6B8AEB3C8F0F}.Release|Any CPU.ActiveCfg = Release|Any CPU
		{123F5C50-6B94-4763-849D-6B8AEB3C8F0F}.Release|Any CPU.Build.0 = Release|Any CPU
		{BCEC0179-0143-4C67-B402-906AFFEFABCF}.Debug|Any CPU.ActiveCfg = Debug|Any CPU
		{BCEC0179-0143-4C67-B402-906AFFEFABCF}.Debug|Any CPU.Build.0 = Debug|Any CPU
		{BCEC0179-0143-4C67-B402-906AFFEFABCF}.Release|Any CPU.ActiveCfg = Release|Any CPU
		{BCEC0179-0143-4C67-B402-906AFFEFABCF}.Release|Any CPU.Build.0 = Release|Any CPU
		{BE9517F9-E7C2-4C52-9933-E89F9033F00B}.Debug|Any CPU.ActiveCfg = Debug|Any CPU
		{BE9517F9-E7C2-4C52-9933-E89F9033F00B}.Debug|Any CPU.Build.0 = Debug|Any CPU
		{BE9517F9-E7C2-4C52-9933-E89F9033F00B}.Release|Any CPU.ActiveCfg = Release|Any CPU
		{BE9517F9-E7C2-4C52-9933-E89F9033F00B}.Release|Any CPU.Build.0 = Release|Any CPU
		{367331B2-2814-449C-A000-490D663293E3}.Debug|Any CPU.ActiveCfg = Debug|Any CPU
		{367331B2-2814-449C-A000-490D663293E3}.Debug|Any CPU.Build.0 = Debug|Any CPU
		{367331B2-2814-449C-A000-490D663293E3}.Release|Any CPU.ActiveCfg = Release|Any CPU
		{367331B2-2814-449C-A000-490D663293E3}.Release|Any CPU.Build.0 = Release|Any CPU
		{C1F81F13-9F5D-4673-91A3-C9B564E8DBCE}.Debug|Any CPU.ActiveCfg = Debug|Any CPU
		{C1F81F13-9F5D-4673-91A3-C9B564E8DBCE}.Debug|Any CPU.Build.0 = Debug|Any CPU
		{C1F81F13-9F5D-4673-91A3-C9B564E8DBCE}.Release|Any CPU.ActiveCfg = Release|Any CPU
		{C1F81F13-9F5D-4673-91A3-C9B564E8DBCE}.Release|Any CPU.Build.0 = Release|Any CPU
		{949C68DA-94CD-4C50-B65E-9131A1118C28}.Debug|Any CPU.ActiveCfg = Debug|Any CPU
		{949C68DA-94CD-4C50-B65E-9131A1118C28}.Debug|Any CPU.Build.0 = Debug|Any CPU
		{949C68DA-94CD-4C50-B65E-9131A1118C28}.Release|Any CPU.ActiveCfg = Release|Any CPU
		{949C68DA-94CD-4C50-B65E-9131A1118C28}.Release|Any CPU.Build.0 = Release|Any CPU
		{B0C52F5C-3761-472B-87CD-61363E5CA6B1}.Debug|Any CPU.ActiveCfg = Debug|Any CPU
		{B0C52F5C-3761-472B-87CD-61363E5CA6B1}.Debug|Any CPU.Build.0 = Debug|Any CPU
		{B0C52F5C-3761-472B-87CD-61363E5CA6B1}.Release|Any CPU.ActiveCfg = Release|Any CPU
		{B0C52F5C-3761-472B-87CD-61363E5CA6B1}.Release|Any CPU.Build.0 = Release|Any CPU
		{4CF41EFB-89DB-4D55-8F91-04298B0134F4}.Debug|Any CPU.ActiveCfg = Debug|Any CPU
		{4CF41EFB-89DB-4D55-8F91-04298B0134F4}.Debug|Any CPU.Build.0 = Debug|Any CPU
		{4CF41EFB-89DB-4D55-8F91-04298B0134F4}.Release|Any CPU.ActiveCfg = Release|Any CPU
		{4CF41EFB-89DB-4D55-8F91-04298B0134F4}.Release|Any CPU.Build.0 = Release|Any CPU
		{B251D3E8-C14D-4BD1-BA4F-8B7C21798EAC}.Debug|Any CPU.ActiveCfg = Debug|Any CPU
		{B251D3E8-C14D-4BD1-BA4F-8B7C21798EAC}.Debug|Any CPU.Build.0 = Debug|Any CPU
		{B251D3E8-C14D-4BD1-BA4F-8B7C21798EAC}.Release|Any CPU.ActiveCfg = Release|Any CPU
		{B251D3E8-C14D-4BD1-BA4F-8B7C21798EAC}.Release|Any CPU.Build.0 = Release|Any CPU
		{CCA70A84-D5A5-4C9F-8FBD-6A6A85A11135}.Debug|Any CPU.ActiveCfg = Debug|Any CPU
		{CCA70A84-D5A5-4C9F-8FBD-6A6A85A11135}.Debug|Any CPU.Build.0 = Debug|Any CPU
		{CCA70A84-D5A5-4C9F-8FBD-6A6A85A11135}.Release|Any CPU.ActiveCfg = Release|Any CPU
		{CCA70A84-D5A5-4C9F-8FBD-6A6A85A11135}.Release|Any CPU.Build.0 = Release|Any CPU
		{B80B75C0-C50F-4B72-A98C-6F824D330BE3}.Debug|Any CPU.ActiveCfg = Debug|Any CPU
		{B80B75C0-C50F-4B72-A98C-6F824D330BE3}.Debug|Any CPU.Build.0 = Debug|Any CPU
		{B80B75C0-C50F-4B72-A98C-6F824D330BE3}.Release|Any CPU.ActiveCfg = Release|Any CPU
		{B80B75C0-C50F-4B72-A98C-6F824D330BE3}.Release|Any CPU.Build.0 = Release|Any CPU
		{3867A0AC-E862-47B9-BFC2-E432B7A6848A}.Debug|Any CPU.ActiveCfg = Debug|Any CPU
		{3867A0AC-E862-47B9-BFC2-E432B7A6848A}.Debug|Any CPU.Build.0 = Debug|Any CPU
		{3867A0AC-E862-47B9-BFC2-E432B7A6848A}.Release|Any CPU.ActiveCfg = Release|Any CPU
		{3867A0AC-E862-47B9-BFC2-E432B7A6848A}.Release|Any CPU.Build.0 = Release|Any CPU
		{EAC6AE2E-6871-4686-891D-40DBA0182F12}.Debug|Any CPU.ActiveCfg = Debug|Any CPU
		{EAC6AE2E-6871-4686-891D-40DBA0182F12}.Debug|Any CPU.Build.0 = Debug|Any CPU
		{EAC6AE2E-6871-4686-891D-40DBA0182F12}.Release|Any CPU.ActiveCfg = Release|Any CPU
		{EAC6AE2E-6871-4686-891D-40DBA0182F12}.Release|Any CPU.Build.0 = Release|Any CPU
		{FBE54C59-667D-4931-8F7F-A3CB6C53C3AB}.Debug|Any CPU.ActiveCfg = Debug|Any CPU
		{FBE54C59-667D-4931-8F7F-A3CB6C53C3AB}.Debug|Any CPU.Build.0 = Debug|Any CPU
		{FBE54C59-667D-4931-8F7F-A3CB6C53C3AB}.Release|Any CPU.ActiveCfg = Release|Any CPU
		{FBE54C59-667D-4931-8F7F-A3CB6C53C3AB}.Release|Any CPU.Build.0 = Release|Any CPU
		{0B9F2176-4FBA-47F5-8794-D2C2C6566652}.Debug|Any CPU.ActiveCfg = Debug|Any CPU
		{0B9F2176-4FBA-47F5-8794-D2C2C6566652}.Debug|Any CPU.Build.0 = Debug|Any CPU
		{0B9F2176-4FBA-47F5-8794-D2C2C6566652}.Release|Any CPU.ActiveCfg = Release|Any CPU
		{0B9F2176-4FBA-47F5-8794-D2C2C6566652}.Release|Any CPU.Build.0 = Release|Any CPU
		{CB65AD14-D37C-481A-9926-FB984D4D4CDD}.Debug|Any CPU.ActiveCfg = Debug|Any CPU
		{CB65AD14-D37C-481A-9926-FB984D4D4CDD}.Debug|Any CPU.Build.0 = Debug|Any CPU
		{CB65AD14-D37C-481A-9926-FB984D4D4CDD}.Release|Any CPU.ActiveCfg = Release|Any CPU
		{CB65AD14-D37C-481A-9926-FB984D4D4CDD}.Release|Any CPU.Build.0 = Release|Any CPU
		{6658C79C-FBEC-44B3-A5B2-345E32FB6988}.Debug|Any CPU.ActiveCfg = Debug|Any CPU
		{6658C79C-FBEC-44B3-A5B2-345E32FB6988}.Debug|Any CPU.Build.0 = Debug|Any CPU
		{6658C79C-FBEC-44B3-A5B2-345E32FB6988}.Release|Any CPU.ActiveCfg = Release|Any CPU
		{6658C79C-FBEC-44B3-A5B2-345E32FB6988}.Release|Any CPU.Build.0 = Release|Any CPU
		{08BC0C30-7DCB-48ED-98CE-DA34B00FDAB1}.Debug|Any CPU.ActiveCfg = Debug|Any CPU
		{08BC0C30-7DCB-48ED-98CE-DA34B00FDAB1}.Debug|Any CPU.Build.0 = Debug|Any CPU
		{08BC0C30-7DCB-48ED-98CE-DA34B00FDAB1}.Release|Any CPU.ActiveCfg = Release|Any CPU
		{08BC0C30-7DCB-48ED-98CE-DA34B00FDAB1}.Release|Any CPU.Build.0 = Release|Any CPU
		{77415CD8-BDD0-4115-85D4-CF7BA7A15972}.Debug|Any CPU.ActiveCfg = Debug|Any CPU
		{77415CD8-BDD0-4115-85D4-CF7BA7A15972}.Debug|Any CPU.Build.0 = Debug|Any CPU
		{77415CD8-BDD0-4115-85D4-CF7BA7A15972}.Release|Any CPU.ActiveCfg = Release|Any CPU
		{77415CD8-BDD0-4115-85D4-CF7BA7A15972}.Release|Any CPU.Build.0 = Release|Any CPU
		{C4766249-1770-4DDE-97E5-4CE18A7F9402}.Debug|Any CPU.ActiveCfg = Debug|Any CPU
		{C4766249-1770-4DDE-97E5-4CE18A7F9402}.Debug|Any CPU.Build.0 = Debug|Any CPU
		{C4766249-1770-4DDE-97E5-4CE18A7F9402}.Release|Any CPU.ActiveCfg = Release|Any CPU
		{C4766249-1770-4DDE-97E5-4CE18A7F9402}.Release|Any CPU.Build.0 = Release|Any CPU
		{BB4A9025-6082-4673-9D07-0DC773074CE1}.Debug|Any CPU.ActiveCfg = Debug|Any CPU
		{BB4A9025-6082-4673-9D07-0DC773074CE1}.Debug|Any CPU.Build.0 = Debug|Any CPU
		{BB4A9025-6082-4673-9D07-0DC773074CE1}.Release|Any CPU.ActiveCfg = Release|Any CPU
		{BB4A9025-6082-4673-9D07-0DC773074CE1}.Release|Any CPU.Build.0 = Release|Any CPU
		{797E684C-0BEE-4090-9860-483EB9AB2F25}.Debug|Any CPU.ActiveCfg = Debug|Any CPU
		{797E684C-0BEE-4090-9860-483EB9AB2F25}.Debug|Any CPU.Build.0 = Debug|Any CPU
		{797E684C-0BEE-4090-9860-483EB9AB2F25}.Release|Any CPU.ActiveCfg = Release|Any CPU
		{797E684C-0BEE-4090-9860-483EB9AB2F25}.Release|Any CPU.Build.0 = Release|Any CPU
		{4889433B-738C-4B4C-8AA3-4E412A13083B}.Debug|Any CPU.ActiveCfg = Debug|Any CPU
		{4889433B-738C-4B4C-8AA3-4E412A13083B}.Debug|Any CPU.Build.0 = Debug|Any CPU
		{4889433B-738C-4B4C-8AA3-4E412A13083B}.Release|Any CPU.ActiveCfg = Release|Any CPU
		{4889433B-738C-4B4C-8AA3-4E412A13083B}.Release|Any CPU.Build.0 = Release|Any CPU
		{D859059F-2F43-4C3E-9762-849EC4E03152}.Debug|Any CPU.ActiveCfg = Debug|Any CPU
		{D859059F-2F43-4C3E-9762-849EC4E03152}.Debug|Any CPU.Build.0 = Debug|Any CPU
		{D859059F-2F43-4C3E-9762-849EC4E03152}.Release|Any CPU.ActiveCfg = Release|Any CPU
		{D859059F-2F43-4C3E-9762-849EC4E03152}.Release|Any CPU.Build.0 = Release|Any CPU
		{FD5C19DE-CD7F-4226-A279-5FA11A4A5BB1}.Debug|Any CPU.ActiveCfg = Debug|Any CPU
		{FD5C19DE-CD7F-4226-A279-5FA11A4A5BB1}.Debug|Any CPU.Build.0 = Debug|Any CPU
		{FD5C19DE-CD7F-4226-A279-5FA11A4A5BB1}.Release|Any CPU.ActiveCfg = Release|Any CPU
		{FD5C19DE-CD7F-4226-A279-5FA11A4A5BB1}.Release|Any CPU.Build.0 = Release|Any CPU
	EndGlobalSection
	GlobalSection(SolutionProperties) = preSolution
		HideSolutionNode = FALSE
	EndGlobalSection
	GlobalSection(NestedProjects) = preSolution
		{A1AF6F91-7F45-4818-8870-9141986C59D3} = {484EFBE5-526B-4DB4-BB49-19260D67974F}
		{C5A6CE9F-6C70-4EDB-AA4D-62AD3DDFDD62} = {484EFBE5-526B-4DB4-BB49-19260D67974F}
		{954F55D4-1DE6-4AD8-B4E7-4D3A52C3A3EB} = {07D28004-CFCB-482A-A138-98C862DA2C78}
		{A602DE96-E13D-4CE4-A2F9-5EF652FE20AA} = {07D28004-CFCB-482A-A138-98C862DA2C78}
		{45549F50-61DA-4CD7-B76D-7B7A78B8484D} = {07D28004-CFCB-482A-A138-98C862DA2C78}
		{CA325C5C-B3FD-4D3B-A595-2D4E0819A765} = {78A4684D-D71F-4458-89C0-50662FB4E4D1}
		{50059B48-A35C-4CCF-BDB6-E4540814C666} = {78A4684D-D71F-4458-89C0-50662FB4E4D1}
		{5FD1E757-5265-42FD-9D81-4AFAE11E54F4} = {76973E00-B61A-48DC-A1D8-7F076E401D58}
		{60666876-C631-4BF4-BDC8-5039F710026A} = {76973E00-B61A-48DC-A1D8-7F076E401D58}
		{796C5183-FD86-498F-9F29-E3BA80B7424F} = {76973E00-B61A-48DC-A1D8-7F076E401D58}
		{7B3B1893-A8D8-428C-BE08-96C133434147} = {76973E00-B61A-48DC-A1D8-7F076E401D58}
		{8C6D47C0-CF9B-442B-A8AD-969A90FED9C0} = {76973E00-B61A-48DC-A1D8-7F076E401D58}
		{7572C3FB-E25C-410C-96ED-454623EB2186} = {76973E00-B61A-48DC-A1D8-7F076E401D58}
		{29BD8B1C-92F0-4967-9107-38705CEB7199} = {76973E00-B61A-48DC-A1D8-7F076E401D58}
		{0D0A4686-C57F-4E67-AFB6-3A119BE9776F} = {76973E00-B61A-48DC-A1D8-7F076E401D58}
		{DD274FE1-F085-4C6F-9DE0-50B14C163961} = {76973E00-B61A-48DC-A1D8-7F076E401D58}
		{950DA0F2-A099-4081-9AE3-02A646E991DC} = {76973E00-B61A-48DC-A1D8-7F076E401D58}
		{3450CDD6-4AA7-424D-ADEF-AA9455F47FBA} = {76973E00-B61A-48DC-A1D8-7F076E401D58}
		{7CEC2B2E-1C06-45F7-B249-E576BF036219} = {76973E00-B61A-48DC-A1D8-7F076E401D58}
		{123F5C50-6B94-4763-849D-6B8AEB3C8F0F} = {76973E00-B61A-48DC-A1D8-7F076E401D58}
		{BCEC0179-0143-4C67-B402-906AFFEFABCF} = {82065022-D479-4109-9B4D-54B9B563DF28}
		{BE9517F9-E7C2-4C52-9933-E89F9033F00B} = {2463AE03-146E-4AC4-9318-44CC46B2C009}
		{367331B2-2814-449C-A000-490D663293E3} = {2463AE03-146E-4AC4-9318-44CC46B2C009}
		{C1F81F13-9F5D-4673-91A3-C9B564E8DBCE} = {2463AE03-146E-4AC4-9318-44CC46B2C009}
		{949C68DA-94CD-4C50-B65E-9131A1118C28} = {2463AE03-146E-4AC4-9318-44CC46B2C009}
		{B0C52F5C-3761-472B-87CD-61363E5CA6B1} = {2463AE03-146E-4AC4-9318-44CC46B2C009}
		{4CF41EFB-89DB-4D55-8F91-04298B0134F4} = {2463AE03-146E-4AC4-9318-44CC46B2C009}
		{B251D3E8-C14D-4BD1-BA4F-8B7C21798EAC} = {2463AE03-146E-4AC4-9318-44CC46B2C009}
		{CCA70A84-D5A5-4C9F-8FBD-6A6A85A11135} = {2463AE03-146E-4AC4-9318-44CC46B2C009}
		{B80B75C0-C50F-4B72-A98C-6F824D330BE3} = {2463AE03-146E-4AC4-9318-44CC46B2C009}
		{3867A0AC-E862-47B9-BFC2-E432B7A6848A} = {2463AE03-146E-4AC4-9318-44CC46B2C009}
		{EAC6AE2E-6871-4686-891D-40DBA0182F12} = {2463AE03-146E-4AC4-9318-44CC46B2C009}
		{FBE54C59-667D-4931-8F7F-A3CB6C53C3AB} = {2463AE03-146E-4AC4-9318-44CC46B2C009}
		{0B9F2176-4FBA-47F5-8794-D2C2C6566652} = {2463AE03-146E-4AC4-9318-44CC46B2C009}
		{CB65AD14-D37C-481A-9926-FB984D4D4CDD} = {2463AE03-146E-4AC4-9318-44CC46B2C009}
		{6658C79C-FBEC-44B3-A5B2-345E32FB6988} = {76973E00-B61A-48DC-A1D8-7F076E401D58}
		{08BC0C30-7DCB-48ED-98CE-DA34B00FDAB1} = {76973E00-B61A-48DC-A1D8-7F076E401D58}
		{77415CD8-BDD0-4115-85D4-CF7BA7A15972} = {2463AE03-146E-4AC4-9318-44CC46B2C009}
		{C4766249-1770-4DDE-97E5-4CE18A7F9402} = {2463AE03-146E-4AC4-9318-44CC46B2C009}
		{BB4A9025-6082-4673-9D07-0DC773074CE1} = {2463AE03-146E-4AC4-9318-44CC46B2C009}
		{797E684C-0BEE-4090-9860-483EB9AB2F25} = {2463AE03-146E-4AC4-9318-44CC46B2C009}
		{4889433B-738C-4B4C-8AA3-4E412A13083B} = {76973E00-B61A-48DC-A1D8-7F076E401D58}
		{D859059F-2F43-4C3E-9762-849EC4E03152} = {2463AE03-146E-4AC4-9318-44CC46B2C009}
		{FD5C19DE-CD7F-4226-A279-5FA11A4A5BB1} = {76973E00-B61A-48DC-A1D8-7F076E401D58}
	EndGlobalSection
EndGlobal
