
Microsoft Visual Studio Solution File, Format Version 12.00
# Visual Studio 2013
VisualStudioVersion = 12.0.40629.0
MinimumVisualStudioVersion = 10.0.40219.1
Project("{FAE04EC0-301F-11D3-BF4B-00C04F79EFBC}") = "NHH.WebSite.Official", "04_WebSite\NHH.WebSite.Official.csproj", "{927968B3-1A57-411D-9456-7951FF85EC36}"
EndProject
Project("{2150E333-8FDC-42A3-9474-1A3956D46DE8}") = "00_DataBase", "00_DataBase", "{343DDA06-D112-4857-8605-F52B1F35CD7C}"
EndProject
Project("{2150E333-8FDC-42A3-9474-1A3956D46DE8}") = "01_Framework", "01_Framework", "{B9D217D5-209A-44DD-AAF5-538EAA1B25D5}"
EndProject
Project("{2150E333-8FDC-42A3-9474-1A3956D46DE8}") = "02_BizLogic", "02_BizLogic", "{C72A20AB-E201-45F8-A498-01015DC111FB}"
EndProject
Project("{2150E333-8FDC-42A3-9474-1A3956D46DE8}") = "03_Service", "03_Service", "{74E675B5-9C9C-4331-8041-966855C5C659}"
EndProject
Project("{2150E333-8FDC-42A3-9474-1A3956D46DE8}") = "04_WebSite", "04_WebSite", "{BED73B35-436A-49E9-A5FB-F67B458D50E1}"
EndProject
Project("{2150E333-8FDC-42A3-9474-1A3956D46DE8}") = "05_Models", "05_Models", "{73C65FFF-3A3D-4A52-A440-8A77815AE41E}"
EndProject
Project("{00D1A9C2-B5F0-4AF3-8072-F6C62B433612}") = "NHH", "..\..\00_DataBase\NHH\NHH.sqlproj", "{A1AF6F91-7F45-4818-8870-9141986C59D3}"
EndProject
Project("{00D1A9C2-B5F0-4AF3-8072-F6C62B433612}") = "NHH_LOG", "..\..\00_DataBase\NHH_LOG\NHH_LOG.sqlproj", "{C5A6CE9F-6C70-4EDB-AA4D-62AD3DDFDD62}"
EndProject
Project("{FAE04EC0-301F-11D3-BF4B-00C04F79EFBC}") = "NHH.Framework.Core.Baidu", "..\..\01_Framework\Baidu\NHH.Framework.Core.Baidu.csproj", "{A602DE96-E13D-4CE4-A2F9-5EF652FE20AA}"
EndProject
Project("{FAE04EC0-301F-11D3-BF4B-00C04F79EFBC}") = "NHH.Framework.Core", "..\..\01_Framework\Core\NHH.Framework.Core.csproj", "{954F55D4-1DE6-4AD8-B4E7-4D3A52C3A3EB}"
EndProject
Project("{FAE04EC0-301F-11D3-BF4B-00C04F79EFBC}") = "NHH.Framework.Core.Wechat", "..\..\01_Framework\Wechat\NHH.Framework.Core.Wechat.csproj", "{45549F50-61DA-4CD7-B76D-7B7A78B8484D}"
EndProject
Project("{FAE04EC0-301F-11D3-BF4B-00C04F79EFBC}") = "NHH.BizLogic.Common", "..\..\02_BizLogic\Common\NHH.BizLogic.Common.csproj", "{CA325C5C-B3FD-4D3B-A595-2D4E0819A765}"
EndProject
Project("{FAE04EC0-301F-11D3-BF4B-00C04F79EFBC}") = "NHH.Entities", "..\..\02_BizLogic\Entities\NHH.Entities.csproj", "{50059B48-A35C-4CCF-BDB6-E4540814C666}"
EndProject
Project("{FAE04EC0-301F-11D3-BF4B-00C04F79EFBC}") = "NHH.Service.Common", "03_Service\Common\NHH.Service.Common.csproj", "{796C5183-FD86-498F-9F29-E3BA80B7424F}"
EndProject
Project("{FAE04EC0-301F-11D3-BF4B-00C04F79EFBC}") = "NHH.Service.Official", "03_Service\Official\NHH.Service.Official.csproj", "{A65C4D1A-0AD0-4D0F-B27E-5A7E380025A4}"
EndProject
Project("{FAE04EC0-301F-11D3-BF4B-00C04F79EFBC}") = "NHH.Models.Official", "05_Models\Official\NHH.Models.Official.csproj", "{FBEA2566-8116-45B7-9FF7-EB9E50D20A11}"
EndProject
Project("{FAE04EC0-301F-11D3-BF4B-00C04F79EFBC}") = "NHH.Models.Common", "05_Models\Common\NHH.Models.Common.csproj", "{C1F81F13-9F5D-4673-91A3-C9B564E8DBCE}"
EndProject
Project("{2150E333-8FDC-42A3-9474-1A3956D46DE8}") = ".nuget", ".nuget", "{9970CB58-5667-4A90-8555-3E0B9491CEC4}"
	ProjectSection(SolutionItems) = preProject
		.nuget\NuGet.Config = .nuget\NuGet.Config
		.nuget\NuGet.exe = .nuget\NuGet.exe
		.nuget\NuGet.targets = .nuget\NuGet.targets
	EndProjectSection
EndProject
Global
	GlobalSection(SolutionConfigurationPlatforms) = preSolution
		Debug|Any CPU = Debug|Any CPU
		Release|Any CPU = Release|Any CPU
	EndGlobalSection
	GlobalSection(ProjectConfigurationPlatforms) = postSolution
		{927968B3-1A57-411D-9456-7951FF85EC36}.Debug|Any CPU.ActiveCfg = Debug|Any CPU
		{927968B3-1A57-411D-9456-7951FF85EC36}.Debug|Any CPU.Build.0 = Debug|Any CPU
		{927968B3-1A57-411D-9456-7951FF85EC36}.Release|Any CPU.ActiveCfg = Release|Any CPU
		{927968B3-1A57-411D-9456-7951FF85EC36}.Release|Any CPU.Build.0 = Release|Any CPU
		{A1AF6F91-7F45-4818-8870-9141986C59D3}.Debug|Any CPU.ActiveCfg = Debug|Any CPU
		{A1AF6F91-7F45-4818-8870-9141986C59D3}.Debug|Any CPU.Build.0 = Debug|Any CPU
		{A1AF6F91-7F45-4818-8870-9141986C59D3}.Debug|Any CPU.Deploy.0 = Debug|Any CPU
		{A1AF6F91-7F45-4818-8870-9141986C59D3}.Release|Any CPU.ActiveCfg = Release|Any CPU
		{A1AF6F91-7F45-4818-8870-9141986C59D3}.Release|Any CPU.Build.0 = Release|Any CPU
		{A1AF6F91-7F45-4818-8870-9141986C59D3}.Release|Any CPU.Deploy.0 = Release|Any CPU
		{C5A6CE9F-6C70-4EDB-AA4D-62AD3DDFDD62}.Debug|Any CPU.ActiveCfg = Debug|Any CPU
		{C5A6CE9F-6C70-4EDB-AA4D-62AD3DDFDD62}.Debug|Any CPU.Build.0 = Debug|Any CPU
		{C5A6CE9F-6C70-4EDB-AA4D-62AD3DDFDD62}.Debug|Any CPU.Deploy.0 = Debug|Any CPU
		{C5A6CE9F-6C70-4EDB-AA4D-62AD3DDFDD62}.Release|Any CPU.ActiveCfg = Release|Any CPU
		{C5A6CE9F-6C70-4EDB-AA4D-62AD3DDFDD62}.Release|Any CPU.Build.0 = Release|Any CPU
		{C5A6CE9F-6C70-4EDB-AA4D-62AD3DDFDD62}.Release|Any CPU.Deploy.0 = Release|Any CPU
		{A602DE96-E13D-4CE4-A2F9-5EF652FE20AA}.Debug|Any CPU.ActiveCfg = Debug|Any CPU
		{A602DE96-E13D-4CE4-A2F9-5EF652FE20AA}.Debug|Any CPU.Build.0 = Debug|Any CPU
		{A602DE96-E13D-4CE4-A2F9-5EF652FE20AA}.Release|Any CPU.ActiveCfg = Release|Any CPU
		{A602DE96-E13D-4CE4-A2F9-5EF652FE20AA}.Release|Any CPU.Build.0 = Release|Any CPU
		{954F55D4-1DE6-4AD8-B4E7-4D3A52C3A3EB}.Debug|Any CPU.ActiveCfg = Debug|Any CPU
		{954F55D4-1DE6-4AD8-B4E7-4D3A52C3A3EB}.Debug|Any CPU.Build.0 = Debug|Any CPU
		{954F55D4-1DE6-4AD8-B4E7-4D3A52C3A3EB}.Release|Any CPU.ActiveCfg = Release|Any CPU
		{954F55D4-1DE6-4AD8-B4E7-4D3A52C3A3EB}.Release|Any CPU.Build.0 = Release|Any CPU
		{45549F50-61DA-4CD7-B76D-7B7A78B8484D}.Debug|Any CPU.ActiveCfg = Debug|Any CPU
		{45549F50-61DA-4CD7-B76D-7B7A78B8484D}.Debug|Any CPU.Build.0 = Debug|Any CPU
		{45549F50-61DA-4CD7-B76D-7B7A78B8484D}.Release|Any CPU.ActiveCfg = Release|Any CPU
		{45549F50-61DA-4CD7-B76D-7B7A78B8484D}.Release|Any CPU.Build.0 = Release|Any CPU
		{CA325C5C-B3FD-4D3B-A595-2D4E0819A765}.Debug|Any CPU.ActiveCfg = Debug|Any CPU
		{CA325C5C-B3FD-4D3B-A595-2D4E0819A765}.Debug|Any CPU.Build.0 = Debug|Any CPU
		{CA325C5C-B3FD-4D3B-A595-2D4E0819A765}.Release|Any CPU.ActiveCfg = Release|Any CPU
		{CA325C5C-B3FD-4D3B-A595-2D4E0819A765}.Release|Any CPU.Build.0 = Release|Any CPU
		{50059B48-A35C-4CCF-BDB6-E4540814C666}.Debug|Any CPU.ActiveCfg = Debug|Any CPU
		{50059B48-A35C-4CCF-BDB6-E4540814C666}.Debug|Any CPU.Build.0 = Debug|Any CPU
		{50059B48-A35C-4CCF-BDB6-E4540814C666}.Release|Any CPU.ActiveCfg = Release|Any CPU
		{50059B48-A35C-4CCF-BDB6-E4540814C666}.Release|Any CPU.Build.0 = Release|Any CPU
		{796C5183-FD86-498F-9F29-E3BA80B7424F}.Debug|Any CPU.ActiveCfg = Debug|Any CPU
		{796C5183-FD86-498F-9F29-E3BA80B7424F}.Debug|Any CPU.Build.0 = Debug|Any CPU
		{796C5183-FD86-498F-9F29-E3BA80B7424F}.Release|Any CPU.ActiveCfg = Release|Any CPU
		{796C5183-FD86-498F-9F29-E3BA80B7424F}.Release|Any CPU.Build.0 = Release|Any CPU
		{A65C4D1A-0AD0-4D0F-B27E-5A7E380025A4}.Debug|Any CPU.ActiveCfg = Debug|Any CPU
		{A65C4D1A-0AD0-4D0F-B27E-5A7E380025A4}.Debug|Any CPU.Build.0 = Debug|Any CPU
		{A65C4D1A-0AD0-4D0F-B27E-5A7E380025A4}.Release|Any CPU.ActiveCfg = Release|Any CPU
		{A65C4D1A-0AD0-4D0F-B27E-5A7E380025A4}.Release|Any CPU.Build.0 = Release|Any CPU
		{FBEA2566-8116-45B7-9FF7-EB9E50D20A11}.Debug|Any CPU.ActiveCfg = Debug|Any CPU
		{FBEA2566-8116-45B7-9FF7-EB9E50D20A11}.Debug|Any CPU.Build.0 = Debug|Any CPU
		{FBEA2566-8116-45B7-9FF7-EB9E50D20A11}.Release|Any CPU.ActiveCfg = Release|Any CPU
		{FBEA2566-8116-45B7-9FF7-EB9E50D20A11}.Release|Any CPU.Build.0 = Release|Any CPU
		{C1F81F13-9F5D-4673-91A3-C9B564E8DBCE}.Debug|Any CPU.ActiveCfg = Debug|Any CPU
		{C1F81F13-9F5D-4673-91A3-C9B564E8DBCE}.Debug|Any CPU.Build.0 = Debug|Any CPU
		{C1F81F13-9F5D-4673-91A3-C9B564E8DBCE}.Release|Any CPU.ActiveCfg = Release|Any CPU
		{C1F81F13-9F5D-4673-91A3-C9B564E8DBCE}.Release|Any CPU.Build.0 = Release|Any CPU
	EndGlobalSection
	GlobalSection(SolutionProperties) = preSolution
		HideSolutionNode = FALSE
	EndGlobalSection
	GlobalSection(NestedProjects) = preSolution
		{927968B3-1A57-411D-9456-7951FF85EC36} = {BED73B35-436A-49E9-A5FB-F67B458D50E1}
		{A1AF6F91-7F45-4818-8870-9141986C59D3} = {343DDA06-D112-4857-8605-F52B1F35CD7C}
		{C5A6CE9F-6C70-4EDB-AA4D-62AD3DDFDD62} = {343DDA06-D112-4857-8605-F52B1F35CD7C}
		{A602DE96-E13D-4CE4-A2F9-5EF652FE20AA} = {B9D217D5-209A-44DD-AAF5-538EAA1B25D5}
		{954F55D4-1DE6-4AD8-B4E7-4D3A52C3A3EB} = {B9D217D5-209A-44DD-AAF5-538EAA1B25D5}
		{45549F50-61DA-4CD7-B76D-7B7A78B8484D} = {B9D217D5-209A-44DD-AAF5-538EAA1B25D5}
		{CA325C5C-B3FD-4D3B-A595-2D4E0819A765} = {C72A20AB-E201-45F8-A498-01015DC111FB}
		{50059B48-A35C-4CCF-BDB6-E4540814C666} = {C72A20AB-E201-45F8-A498-01015DC111FB}
		{796C5183-FD86-498F-9F29-E3BA80B7424F} = {74E675B5-9C9C-4331-8041-966855C5C659}
		{A65C4D1A-0AD0-4D0F-B27E-5A7E380025A4} = {74E675B5-9C9C-4331-8041-966855C5C659}
		{FBEA2566-8116-45B7-9FF7-EB9E50D20A11} = {73C65FFF-3A3D-4A52-A440-8A77815AE41E}
		{C1F81F13-9F5D-4673-91A3-C9B564E8DBCE} = {73C65FFF-3A3D-4A52-A440-8A77815AE41E}
	EndGlobalSection
EndGlobal
